
Microsoft Visual Studio Solution File, Format Version 12.00
# Visual Studio 15
VisualStudioVersion = 15.0.28307.1082
MinimumVisualStudioVersion = 10.0.40219.1
Project("{FAE04EC0-301F-11D3-BF4B-00C04F79EFBC}") = "agsqlite", "agsqlite\agsqlite\agsqlite.csproj", "{E9A5391E-E1AF-422D-A976-F139703BB64B}"
EndProject
Project("{FAE04EC0-301F-11D3-BF4B-00C04F79EFBC}") = "agsqlite.Android", "agsqlite\agsqlite.Android\agsqlite.Android.csproj", "{FA90DF26-9193-44F4-BAAE-94DA073468BB}"
EndProject
Project("{FAE04EC0-301F-11D3-BF4B-00C04F79EFBC}") = "agsqlite.IOS", "agsqlite\agsqlite.IOS\agsqlite.IOS.csproj", "{EFBC07F0-DFB7-4164-B502-3772125F69F6}"
EndProject
Project("{FAE04EC0-301F-11D3-BF4B-00C04F79EFBC}") = "agsqlite.UWP", "agsqlite\agsqlite.UWP\agsqlite.UWP.csproj", "{D5FD0A01-45D4-44CB-A825-B15B4D97DBBA}"
EndProject
Global
	GlobalSection(SolutionConfigurationPlatforms) = preSolution
		Ad-Hoc|Any CPU = Ad-Hoc|Any CPU
		Ad-Hoc|ARM = Ad-Hoc|ARM
		Ad-Hoc|iPhone = Ad-Hoc|iPhone
		Ad-Hoc|iPhoneSimulator = Ad-Hoc|iPhoneSimulator
		Ad-Hoc|x64 = Ad-Hoc|x64
		Ad-Hoc|x86 = Ad-Hoc|x86
		AppStore|Any CPU = AppStore|Any CPU
		AppStore|ARM = AppStore|ARM
		AppStore|iPhone = AppStore|iPhone
		AppStore|iPhoneSimulator = AppStore|iPhoneSimulator
		AppStore|x64 = AppStore|x64
		AppStore|x86 = AppStore|x86
		Debug|Any CPU = Debug|Any CPU
		Debug|ARM = Debug|ARM
		Debug|iPhone = Debug|iPhone
		Debug|iPhoneSimulator = Debug|iPhoneSimulator
		Debug|x64 = Debug|x64
		Debug|x86 = Debug|x86
		Release|Any CPU = Release|Any CPU
		Release|ARM = Release|ARM
		Release|iPhone = Release|iPhone
		Release|iPhoneSimulator = Release|iPhoneSimulator
		Release|x64 = Release|x64
		Release|x86 = Release|x86
	EndGlobalSection
	GlobalSection(ProjectConfigurationPlatforms) = postSolution
		{E9A5391E-E1AF-422D-A976-F139703BB64B}.Ad-Hoc|Any CPU.ActiveCfg = Debug|Any CPU
		{E9A5391E-E1AF-422D-A976-F139703BB64B}.Ad-Hoc|Any CPU.Build.0 = Debug|Any CPU
		{E9A5391E-E1AF-422D-A976-F139703BB64B}.Ad-Hoc|ARM.ActiveCfg = Debug|Any CPU
		{E9A5391E-E1AF-422D-A976-F139703BB64B}.Ad-Hoc|ARM.Build.0 = Debug|Any CPU
		{E9A5391E-E1AF-422D-A976-F139703BB64B}.Ad-Hoc|iPhone.ActiveCfg = Debug|Any CPU
		{E9A5391E-E1AF-422D-A976-F139703BB64B}.Ad-Hoc|iPhone.Build.0 = Debug|Any CPU
		{E9A5391E-E1AF-422D-A976-F139703BB64B}.Ad-Hoc|iPhoneSimulator.ActiveCfg = Debug|Any CPU
		{E9A5391E-E1AF-422D-A976-F139703BB64B}.Ad-Hoc|iPhoneSimulator.Build.0 = Debug|Any CPU
		{E9A5391E-E1AF-422D-A976-F139703BB64B}.Ad-Hoc|x64.ActiveCfg = Debug|Any CPU
		{E9A5391E-E1AF-422D-A976-F139703BB64B}.Ad-Hoc|x64.Build.0 = Debug|Any CPU
		{E9A5391E-E1AF-422D-A976-F139703BB64B}.Ad-Hoc|x86.ActiveCfg = Debug|Any CPU
		{E9A5391E-E1AF-422D-A976-F139703BB64B}.Ad-Hoc|x86.Build.0 = Debug|Any CPU
		{E9A5391E-E1AF-422D-A976-F139703BB64B}.AppStore|Any CPU.ActiveCfg = Debug|Any CPU
		{E9A5391E-E1AF-422D-A976-F139703BB64B}.AppStore|Any CPU.Build.0 = Debug|Any CPU
		{E9A5391E-E1AF-422D-A976-F139703BB64B}.AppStore|ARM.ActiveCfg = Debug|Any CPU
		{E9A5391E-E1AF-422D-A976-F139703BB64B}.AppStore|ARM.Build.0 = Debug|Any CPU
		{E9A5391E-E1AF-422D-A976-F139703BB64B}.AppStore|iPhone.ActiveCfg = Debug|Any CPU
		{E9A5391E-E1AF-422D-A976-F139703BB64B}.AppStore|iPhone.Build.0 = Debug|Any CPU
		{E9A5391E-E1AF-422D-A976-F139703BB64B}.AppStore|iPhoneSimulator.ActiveCfg = Debug|Any CPU
		{E9A5391E-E1AF-422D-A976-F139703BB64B}.AppStore|iPhoneSimulator.Build.0 = Debug|Any CPU
		{E9A5391E-E1AF-422D-A976-F139703BB64B}.AppStore|x64.ActiveCfg = Debug|Any CPU
		{E9A5391E-E1AF-422D-A976-F139703BB64B}.AppStore|x64.Build.0 = Debug|Any CPU
		{E9A5391E-E1AF-422D-A976-F139703BB64B}.AppStore|x86.ActiveCfg = Debug|Any CPU
		{E9A5391E-E1AF-422D-A976-F139703BB64B}.AppStore|x86.Build.0 = Debug|Any CPU
		{E9A5391E-E1AF-422D-A976-F139703BB64B}.Debug|Any CPU.ActiveCfg = Debug|Any CPU
		{E9A5391E-E1AF-422D-A976-F139703BB64B}.Debug|Any CPU.Build.0 = Debug|Any CPU
		{E9A5391E-E1AF-422D-A976-F139703BB64B}.Debug|ARM.ActiveCfg = Debug|Any CPU
		{E9A5391E-E1AF-422D-A976-F139703BB64B}.Debug|ARM.Build.0 = Debug|Any CPU
		{E9A5391E-E1AF-422D-A976-F139703BB64B}.Debug|iPhone.ActiveCfg = Debug|Any CPU
		{E9A5391E-E1AF-422D-A976-F139703BB64B}.Debug|iPhone.Build.0 = Debug|Any CPU
		{E9A5391E-E1AF-422D-A976-F139703BB64B}.Debug|iPhoneSimulator.ActiveCfg = Debug|Any CPU
		{E9A5391E-E1AF-422D-A976-F139703BB64B}.Debug|iPhoneSimulator.Build.0 = Debug|Any CPU
		{E9A5391E-E1AF-422D-A976-F139703BB64B}.Debug|x64.ActiveCfg = Debug|Any CPU
		{E9A5391E-E1AF-422D-A976-F139703BB64B}.Debug|x64.Build.0 = Debug|Any CPU
		{E9A5391E-E1AF-422D-A976-F139703BB64B}.Debug|x86.ActiveCfg = Debug|Any CPU
		{E9A5391E-E1AF-422D-A976-F139703BB64B}.Debug|x86.Build.0 = Debug|Any CPU
		{E9A5391E-E1AF-422D-A976-F139703BB64B}.Release|Any CPU.ActiveCfg = Release|Any CPU
		{E9A5391E-E1AF-422D-A976-F139703BB64B}.Release|Any CPU.Build.0 = Release|Any CPU
		{E9A5391E-E1AF-422D-A976-F139703BB64B}.Release|ARM.ActiveCfg = Release|Any CPU
		{E9A5391E-E1AF-422D-A976-F139703BB64B}.Release|ARM.Build.0 = Release|Any CPU
		{E9A5391E-E1AF-422D-A976-F139703BB64B}.Release|iPhone.ActiveCfg = Release|Any CPU
		{E9A5391E-E1AF-422D-A976-F139703BB64B}.Release|iPhone.Build.0 = Release|Any CPU
		{E9A5391E-E1AF-422D-A976-F139703BB64B}.Release|iPhoneSimulator.ActiveCfg = Release|Any CPU
		{E9A5391E-E1AF-422D-A976-F139703BB64B}.Release|iPhoneSimulator.Build.0 = Release|Any CPU
		{E9A5391E-E1AF-422D-A976-F139703BB64B}.Release|x64.ActiveCfg = Release|Any CPU
		{E9A5391E-E1AF-422D-A976-F139703BB64B}.Release|x64.Build.0 = Release|Any CPU
		{E9A5391E-E1AF-422D-A976-F139703BB64B}.Release|x86.ActiveCfg = Release|Any CPU
		{E9A5391E-E1AF-422D-A976-F139703BB64B}.Release|x86.Build.0 = Release|Any CPU
		{FA90DF26-9193-44F4-BAAE-94DA073468BB}.Ad-Hoc|Any CPU.ActiveCfg = Release|Any CPU
		{FA90DF26-9193-44F4-BAAE-94DA073468BB}.Ad-Hoc|Any CPU.Build.0 = Release|Any CPU
		{FA90DF26-9193-44F4-BAAE-94DA073468BB}.Ad-Hoc|Any CPU.Deploy.0 = Release|Any CPU
		{FA90DF26-9193-44F4-BAAE-94DA073468BB}.Ad-Hoc|ARM.ActiveCfg = Release|Any CPU
		{FA90DF26-9193-44F4-BAAE-94DA073468BB}.Ad-Hoc|ARM.Build.0 = Release|Any CPU
		{FA90DF26-9193-44F4-BAAE-94DA073468BB}.Ad-Hoc|ARM.Deploy.0 = Release|Any CPU
		{FA90DF26-9193-44F4-BAAE-94DA073468BB}.Ad-Hoc|iPhone.ActiveCfg = Release|Any CPU
		{FA90DF26-9193-44F4-BAAE-94DA073468BB}.Ad-Hoc|iPhone.Build.0 = Release|Any CPU
		{FA90DF26-9193-44F4-BAAE-94DA073468BB}.Ad-Hoc|iPhone.Deploy.0 = Release|Any CPU
		{FA90DF26-9193-44F4-BAAE-94DA073468BB}.Ad-Hoc|iPhoneSimulator.ActiveCfg = Release|Any CPU
		{FA90DF26-9193-44F4-BAAE-94DA073468BB}.Ad-Hoc|iPhoneSimulator.Build.0 = Release|Any CPU
		{FA90DF26-9193-44F4-BAAE-94DA073468BB}.Ad-Hoc|iPhoneSimulator.Deploy.0 = Release|Any CPU
		{FA90DF26-9193-44F4-BAAE-94DA073468BB}.Ad-Hoc|x64.ActiveCfg = Release|Any CPU
		{FA90DF26-9193-44F4-BAAE-94DA073468BB}.Ad-Hoc|x64.Build.0 = Release|Any CPU
		{FA90DF26-9193-44F4-BAAE-94DA073468BB}.Ad-Hoc|x64.Deploy.0 = Release|Any CPU
		{FA90DF26-9193-44F4-BAAE-94DA073468BB}.Ad-Hoc|x86.ActiveCfg = Release|Any CPU
		{FA90DF26-9193-44F4-BAAE-94DA073468BB}.Ad-Hoc|x86.Build.0 = Release|Any CPU
		{FA90DF26-9193-44F4-BAAE-94DA073468BB}.Ad-Hoc|x86.Deploy.0 = Release|Any CPU
		{FA90DF26-9193-44F4-BAAE-94DA073468BB}.AppStore|Any CPU.ActiveCfg = Release|Any CPU
		{FA90DF26-9193-44F4-BAAE-94DA073468BB}.AppStore|Any CPU.Build.0 = Release|Any CPU
		{FA90DF26-9193-44F4-BAAE-94DA073468BB}.AppStore|Any CPU.Deploy.0 = Release|Any CPU
		{FA90DF26-9193-44F4-BAAE-94DA073468BB}.AppStore|ARM.ActiveCfg = Release|Any CPU
		{FA90DF26-9193-44F4-BAAE-94DA073468BB}.AppStore|ARM.Build.0 = Release|Any CPU
		{FA90DF26-9193-44F4-BAAE-94DA073468BB}.AppStore|ARM.Deploy.0 = Release|Any CPU
		{FA90DF26-9193-44F4-BAAE-94DA073468BB}.AppStore|iPhone.ActiveCfg = Release|Any CPU
		{FA90DF26-9193-44F4-BAAE-94DA073468BB}.AppStore|iPhone.Build.0 = Release|Any CPU
		{FA90DF26-9193-44F4-BAAE-94DA073468BB}.AppStore|iPhone.Deploy.0 = Release|Any CPU
		{FA90DF26-9193-44F4-BAAE-94DA073468BB}.AppStore|iPhoneSimulator.ActiveCfg = Release|Any CPU
		{FA90DF26-9193-44F4-BAAE-94DA073468BB}.AppStore|iPhoneSimulator.Build.0 = Release|Any CPU
		{FA90DF26-9193-44F4-BAAE-94DA073468BB}.AppStore|iPhoneSimulator.Deploy.0 = Release|Any CPU
		{FA90DF26-9193-44F4-BAAE-94DA073468BB}.AppStore|x64.ActiveCfg = Release|Any CPU
		{FA90DF26-9193-44F4-BAAE-94DA073468BB}.AppStore|x64.Build.0 = Release|Any CPU
		{FA90DF26-9193-44F4-BAAE-94DA073468BB}.AppStore|x64.Deploy.0 = Release|Any CPU
		{FA90DF26-9193-44F4-BAAE-94DA073468BB}.AppStore|x86.ActiveCfg = Release|Any CPU
		{FA90DF26-9193-44F4-BAAE-94DA073468BB}.AppStore|x86.Build.0 = Release|Any CPU
		{FA90DF26-9193-44F4-BAAE-94DA073468BB}.AppStore|x86.Deploy.0 = Release|Any CPU
		{FA90DF26-9193-44F4-BAAE-94DA073468BB}.Debug|Any CPU.ActiveCfg = Debug|Any CPU
		{FA90DF26-9193-44F4-BAAE-94DA073468BB}.Debug|Any CPU.Build.0 = Debug|Any CPU
		{FA90DF26-9193-44F4-BAAE-94DA073468BB}.Debug|Any CPU.Deploy.0 = Debug|Any CPU
		{FA90DF26-9193-44F4-BAAE-94DA073468BB}.Debug|ARM.ActiveCfg = Debug|Any CPU
		{FA90DF26-9193-44F4-BAAE-94DA073468BB}.Debug|ARM.Build.0 = Debug|Any CPU
		{FA90DF26-9193-44F4-BAAE-94DA073468BB}.Debug|ARM.Deploy.0 = Debug|Any CPU
		{FA90DF26-9193-44F4-BAAE-94DA073468BB}.Debug|iPhone.ActiveCfg = Debug|Any CPU
		{FA90DF26-9193-44F4-BAAE-94DA073468BB}.Debug|iPhone.Build.0 = Debug|Any CPU
		{FA90DF26-9193-44F4-BAAE-94DA073468BB}.Debug|iPhone.Deploy.0 = Debug|Any CPU
		{FA90DF26-9193-44F4-BAAE-94DA073468BB}.Debug|iPhoneSimulator.ActiveCfg = Debug|Any CPU
		{FA90DF26-9193-44F4-BAAE-94DA073468BB}.Debug|iPhoneSimulator.Build.0 = Debug|Any CPU
		{FA90DF26-9193-44F4-BAAE-94DA073468BB}.Debug|iPhoneSimulator.Deploy.0 = Debug|Any CPU
		{FA90DF26-9193-44F4-BAAE-94DA073468BB}.Debug|x64.ActiveCfg = Debug|Any CPU
		{FA90DF26-9193-44F4-BAAE-94DA073468BB}.Debug|x64.Build.0 = Debug|Any CPU
		{FA90DF26-9193-44F4-BAAE-94DA073468BB}.Debug|x64.Deploy.0 = Debug|Any CPU
		{FA90DF26-9193-44F4-BAAE-94DA073468BB}.Debug|x86.ActiveCfg = Debug|Any CPU
		{FA90DF26-9193-44F4-BAAE-94DA073468BB}.Debug|x86.Build.0 = Debug|Any CPU
		{FA90DF26-9193-44F4-BAAE-94DA073468BB}.Debug|x86.Deploy.0 = Debug|Any CPU
		{FA90DF26-9193-44F4-BAAE-94DA073468BB}.Release|Any CPU.ActiveCfg = Release|Any CPU
		{FA90DF26-9193-44F4-BAAE-94DA073468BB}.Release|Any CPU.Build.0 = Release|Any CPU
		{FA90DF26-9193-44F4-BAAE-94DA073468BB}.Release|Any CPU.Deploy.0 = Release|Any CPU
		{FA90DF26-9193-44F4-BAAE-94DA073468BB}.Release|ARM.ActiveCfg = Release|Any CPU
		{FA90DF26-9193-44F4-BAAE-94DA073468BB}.Release|ARM.Build.0 = Release|Any CPU
		{FA90DF26-9193-44F4-BAAE-94DA073468BB}.Release|ARM.Deploy.0 = Release|Any CPU
		{FA90DF26-9193-44F4-BAAE-94DA073468BB}.Release|iPhone.ActiveCfg = Release|Any CPU
		{FA90DF26-9193-44F4-BAAE-94DA073468BB}.Release|iPhone.Build.0 = Release|Any CPU
		{FA90DF26-9193-44F4-BAAE-94DA073468BB}.Release|iPhone.Deploy.0 = Release|Any CPU
		{FA90DF26-9193-44F4-BAAE-94DA073468BB}.Release|iPhoneSimulator.ActiveCfg = Release|Any CPU
		{FA90DF26-9193-44F4-BAAE-94DA073468BB}.Release|iPhoneSimulator.Build.0 = Release|Any CPU
		{FA90DF26-9193-44F4-BAAE-94DA073468BB}.Release|iPhoneSimulator.Deploy.0 = Release|Any CPU
		{FA90DF26-9193-44F4-BAAE-94DA073468BB}.Release|x64.ActiveCfg = Release|Any CPU
		{FA90DF26-9193-44F4-BAAE-94DA073468BB}.Release|x64.Build.0 = Release|Any CPU
		{FA90DF26-9193-44F4-BAAE-94DA073468BB}.Release|x64.Deploy.0 = Release|Any CPU
		{FA90DF26-9193-44F4-BAAE-94DA073468BB}.Release|x86.ActiveCfg = Release|Any CPU
		{FA90DF26-9193-44F4-BAAE-94DA073468BB}.Release|x86.Build.0 = Release|Any CPU
		{FA90DF26-9193-44F4-BAAE-94DA073468BB}.Release|x86.Deploy.0 = Release|Any CPU
		{EFBC07F0-DFB7-4164-B502-3772125F69F6}.Ad-Hoc|Any CPU.ActiveCfg = Ad-Hoc|iPhone
		{EFBC07F0-DFB7-4164-B502-3772125F69F6}.Ad-Hoc|ARM.ActiveCfg = Ad-Hoc|iPhone
		{EFBC07F0-DFB7-4164-B502-3772125F69F6}.Ad-Hoc|iPhone.ActiveCfg = Ad-Hoc|iPhone
		{EFBC07F0-DFB7-4164-B502-3772125F69F6}.Ad-Hoc|iPhone.Build.0 = Ad-Hoc|iPhone
		{EFBC07F0-DFB7-4164-B502-3772125F69F6}.Ad-Hoc|iPhoneSimulator.ActiveCfg = Ad-Hoc|iPhoneSimulator
		{EFBC07F0-DFB7-4164-B502-3772125F69F6}.Ad-Hoc|iPhoneSimulator.Build.0 = Ad-Hoc|iPhoneSimulator
		{EFBC07F0-DFB7-4164-B502-3772125F69F6}.Ad-Hoc|x64.ActiveCfg = Ad-Hoc|iPhone
		{EFBC07F0-DFB7-4164-B502-3772125F69F6}.Ad-Hoc|x86.ActiveCfg = Ad-Hoc|iPhone
		{EFBC07F0-DFB7-4164-B502-3772125F69F6}.AppStore|Any CPU.ActiveCfg = AppStore|iPhone
		{EFBC07F0-DFB7-4164-B502-3772125F69F6}.AppStore|ARM.ActiveCfg = AppStore|iPhone
		{EFBC07F0-DFB7-4164-B502-3772125F69F6}.AppStore|iPhone.ActiveCfg = AppStore|iPhone
		{EFBC07F0-DFB7-4164-B502-3772125F69F6}.AppStore|iPhone.Build.0 = AppStore|iPhone
		{EFBC07F0-DFB7-4164-B502-3772125F69F6}.AppStore|iPhoneSimulator.ActiveCfg = AppStore|iPhoneSimulator
		{EFBC07F0-DFB7-4164-B502-3772125F69F6}.AppStore|iPhoneSimulator.Build.0 = AppStore|iPhoneSimulator
		{EFBC07F0-DFB7-4164-B502-3772125F69F6}.AppStore|x64.ActiveCfg = AppStore|iPhone
		{EFBC07F0-DFB7-4164-B502-3772125F69F6}.AppStore|x86.ActiveCfg = AppStore|iPhone
		{EFBC07F0-DFB7-4164-B502-3772125F69F6}.Debug|Any CPU.ActiveCfg = Debug|iPhone
		{EFBC07F0-DFB7-4164-B502-3772125F69F6}.Debug|ARM.ActiveCfg = Debug|iPhone
		{EFBC07F0-DFB7-4164-B502-3772125F69F6}.Debug|iPhone.ActiveCfg = Debug|iPhone
		{EFBC07F0-DFB7-4164-B502-3772125F69F6}.Debug|iPhone.Build.0 = Debug|iPhone
		{EFBC07F0-DFB7-4164-B502-3772125F69F6}.Debug|iPhoneSimulator.ActiveCfg = Debug|iPhoneSimulator
		{EFBC07F0-DFB7-4164-B502-3772125F69F6}.Debug|iPhoneSimulator.Build.0 = Debug|iPhoneSimulator
		{EFBC07F0-DFB7-4164-B502-3772125F69F6}.Debug|x64.ActiveCfg = Debug|iPhone
		{EFBC07F0-DFB7-4164-B502-3772125F69F6}.Debug|x86.ActiveCfg = Debug|iPhone
		{EFBC07F0-DFB7-4164-B502-3772125F69F6}.Release|Any CPU.ActiveCfg = Release|iPhone
		{EFBC07F0-DFB7-4164-B502-3772125F69F6}.Release|ARM.ActiveCfg = Release|iPhone
		{EFBC07F0-DFB7-4164-B502-3772125F69F6}.Release|iPhone.ActiveCfg = Release|iPhone
		{EFBC07F0-DFB7-4164-B502-3772125F69F6}.Release|iPhone.Build.0 = Release|iPhone
		{EFBC07F0-DFB7-4164-B502-3772125F69F6}.Release|iPhoneSimulator.ActiveCfg = Release|iPhoneSimulator
		{EFBC07F0-DFB7-4164-B502-3772125F69F6}.Release|iPhoneSimulator.Build.0 = Release|iPhoneSimulator
		{EFBC07F0-DFB7-4164-B502-3772125F69F6}.Release|x64.ActiveCfg = Release|iPhone
		{EFBC07F0-DFB7-4164-B502-3772125F69F6}.Release|x86.ActiveCfg = Release|iPhone
		{D5FD0A01-45D4-44CB-A825-B15B4D97DBBA}.Ad-Hoc|Any CPU.ActiveCfg = Release|x86
		{D5FD0A01-45D4-44CB-A825-B15B4D97DBBA}.Ad-Hoc|Any CPU.Build.0 = Release|x86
		{D5FD0A01-45D4-44CB-A825-B15B4D97DBBA}.Ad-Hoc|Any CPU.Deploy.0 = Release|x86
		{D5FD0A01-45D4-44CB-A825-B15B4D97DBBA}.Ad-Hoc|ARM.ActiveCfg = Release|ARM
		{D5FD0A01-45D4-44CB-A825-B15B4D97DBBA}.Ad-Hoc|ARM.Build.0 = Release|ARM
		{D5FD0A01-45D4-44CB-A825-B15B4D97DBBA}.Ad-Hoc|ARM.Deploy.0 = Release|ARM
		{D5FD0A01-45D4-44CB-A825-B15B4D97DBBA}.Ad-Hoc|iPhone.ActiveCfg = Release|x86
		{D5FD0A01-45D4-44CB-A825-B15B4D97DBBA}.Ad-Hoc|iPhone.Build.0 = Release|x86
		{D5FD0A01-45D4-44CB-A825-B15B4D97DBBA}.Ad-Hoc|iPhone.Deploy.0 = Release|x86
		{D5FD0A01-45D4-44CB-A825-B15B4D97DBBA}.Ad-Hoc|iPhoneSimulator.ActiveCfg = Release|x86
		{D5FD0A01-45D4-44CB-A825-B15B4D97DBBA}.Ad-Hoc|iPhoneSimulator.Build.0 = Release|x86
		{D5FD0A01-45D4-44CB-A825-B15B4D97DBBA}.Ad-Hoc|iPhoneSimulator.Deploy.0 = Release|x86
		{D5FD0A01-45D4-44CB-A825-B15B4D97DBBA}.Ad-Hoc|x64.ActiveCfg = Release|x64
		{D5FD0A01-45D4-44CB-A825-B15B4D97DBBA}.Ad-Hoc|x64.Build.0 = Release|x64
		{D5FD0A01-45D4-44CB-A825-B15B4D97DBBA}.Ad-Hoc|x64.Deploy.0 = Release|x64
		{D5FD0A01-45D4-44CB-A825-B15B4D97DBBA}.Ad-Hoc|x86.ActiveCfg = Release|x86
		{D5FD0A01-45D4-44CB-A825-B15B4D97DBBA}.Ad-Hoc|x86.Build.0 = Release|x86
		{D5FD0A01-45D4-44CB-A825-B15B4D97DBBA}.Ad-Hoc|x86.Deploy.0 = Release|x86
		{D5FD0A01-45D4-44CB-A825-B15B4D97DBBA}.AppStore|Any CPU.ActiveCfg = Release|x86
		{D5FD0A01-45D4-44CB-A825-B15B4D97DBBA}.AppStore|Any CPU.Build.0 = Release|x86
		{D5FD0A01-45D4-44CB-A825-B15B4D97DBBA}.AppStore|Any CPU.Deploy.0 = Release|x86
		{D5FD0A01-45D4-44CB-A825-B15B4D97DBBA}.AppStore|ARM.ActiveCfg = Release|ARM
		{D5FD0A01-45D4-44CB-A825-B15B4D97DBBA}.AppStore|ARM.Build.0 = Release|ARM
		{D5FD0A01-45D4-44CB-A825-B15B4D97DBBA}.AppStore|ARM.Deploy.0 = Release|ARM
		{D5FD0A01-45D4-44CB-A825-B15B4D97DBBA}.AppStore|iPhone.ActiveCfg = Release|x86
		{D5FD0A01-45D4-44CB-A825-B15B4D97DBBA}.AppStore|iPhone.Build.0 = Release|x86
		{D5FD0A01-45D4-44CB-A825-B15B4D97DBBA}.AppStore|iPhone.Deploy.0 = Release|x86
		{D5FD0A01-45D4-44CB-A825-B15B4D97DBBA}.AppStore|iPhoneSimulator.ActiveCfg = Release|x86
		{D5FD0A01-45D4-44CB-A825-B15B4D97DBBA}.AppStore|iPhoneSimulator.Build.0 = Release|x86
		{D5FD0A01-45D4-44CB-A825-B15B4D97DBBA}.AppStore|iPhoneSimulator.Deploy.0 = Release|x86
		{D5FD0A01-45D4-44CB-A825-B15B4D97DBBA}.AppStore|x64.ActiveCfg = Release|x64
		{D5FD0A01-45D4-44CB-A825-B15B4D97DBBA}.AppStore|x64.Build.0 = Release|x64
		{D5FD0A01-45D4-44CB-A825-B15B4D97DBBA}.AppStore|x64.Deploy.0 = Release|x64
		{D5FD0A01-45D4-44CB-A825-B15B4D97DBBA}.AppStore|x86.ActiveCfg = Release|x86
		{D5FD0A01-45D4-44CB-A825-B15B4D97DBBA}.AppStore|x86.Build.0 = Release|x86
		{D5FD0A01-45D4-44CB-A825-B15B4D97DBBA}.AppStore|x86.Deploy.0 = Release|x86
		{D5FD0A01-45D4-44CB-A825-B15B4D97DBBA}.Debug|Any CPU.ActiveCfg = Debug|x86
		{D5FD0A01-45D4-44CB-A825-B15B4D97DBBA}.Debug|ARM.ActiveCfg = Debug|ARM
		{D5FD0A01-45D4-44CB-A825-B15B4D97DBBA}.Debug|ARM.Build.0 = Debug|ARM
		{D5FD0A01-45D4-44CB-A825-B15B4D97DBBA}.Debug|ARM.Deploy.0 = Debug|ARM
		{D5FD0A01-45D4-44CB-A825-B15B4D97DBBA}.Debug|iPhone.ActiveCfg = Debug|x86
		{D5FD0A01-45D4-44CB-A825-B15B4D97DBBA}.Debug|iPhoneSimulator.ActiveCfg = Debug|x86
		{D5FD0A01-45D4-44CB-A825-B15B4D97DBBA}.Debug|x64.ActiveCfg = Debug|x64
		{D5FD0A01-45D4-44CB-A825-B15B4D97DBBA}.Debug|x64.Build.0 = Debug|x64
		{D5FD0A01-45D4-44CB-A825-B15B4D97DBBA}.Debug|x64.Deploy.0 = Debug|x64
		{D5FD0A01-45D4-44CB-A825-B15B4D97DBBA}.Debug|x86.ActiveCfg = Debug|x86
		{D5FD0A01-45D4-44CB-A825-B15B4D97DBBA}.Debug|x86.Build.0 = Debug|x86
		{D5FD0A01-45D4-44CB-A825-B15B4D97DBBA}.Debug|x86.Deploy.0 = Debug|x86
		{D5FD0A01-45D4-44CB-A825-B15B4D97DBBA}.Release|Any CPU.ActiveCfg = Release|x86
		{D5FD0A01-45D4-44CB-A825-B15B4D97DBBA}.Release|ARM.ActiveCfg = Release|ARM
		{D5FD0A01-45D4-44CB-A825-B15B4D97DBBA}.Release|ARM.Build.0 = Release|ARM
		{D5FD0A01-45D4-44CB-A825-B15B4D97DBBA}.Release|ARM.Deploy.0 = Release|ARM
		{D5FD0A01-45D4-44CB-A825-B15B4D97DBBA}.Release|iPhone.ActiveCfg = Release|x86
		{D5FD0A01-45D4-44CB-A825-B15B4D97DBBA}.Release|iPhoneSimulator.ActiveCfg = Release|x86
		{D5FD0A01-45D4-44CB-A825-B15B4D97DBBA}.Release|x64.ActiveCfg = Release|x64
		{D5FD0A01-45D4-44CB-A825-B15B4D97DBBA}.Release|x64.Build.0 = Release|x64
		{D5FD0A01-45D4-44CB-A825-B15B4D97DBBA}.Release|x64.Deploy.0 = Release|x64
		{D5FD0A01-45D4-44CB-A825-B15B4D97DBBA}.Release|x86.ActiveCfg = Release|x86
		{D5FD0A01-45D4-44CB-A825-B15B4D97DBBA}.Release|x86.Build.0 = Release|x86
		{D5FD0A01-45D4-44CB-A825-B15B4D97DBBA}.Release|x86.Deploy.0 = Release|x86
	EndGlobalSection
	GlobalSection(SolutionProperties) = preSolution
		HideSolutionNode = FALSE
	EndGlobalSection
	GlobalSection(ExtensibilityGlobals) = postSolution
		SolutionGuid = {6C73E1A5-24E0-4BD9-ABA2-E9A255EFA157}
	EndGlobalSection
EndGlobal
