
Microsoft Visual Studio Solution File, Format Version 12.00
# Visual Studio Version 16
VisualStudioVersion = 16.0.29806.167
MinimumVisualStudioVersion = 10.0.40219.1
Project("{2150E333-8FDC-42A3-9474-1A3956D46DE8}") = "EnterpriseApp1.Core", "EnterpriseApp1.Core", "{5F58E5EF-9CCD-4AA9-9461-86C552B934B9}"
EndProject
Project("{FAE04EC0-301F-11D3-BF4B-00C04F79EFBC}") = "EnterpriseApp1.Core", "EnterpriseApp1\EnterpriseApp1.Core\EnterpriseApp1.Core\EnterpriseApp1.Core.csproj", "{E7F90CD8-FD73-4AC2-B824-D5AA64B8D695}"
EndProject
Project("{2150E333-8FDC-42A3-9474-1A3956D46DE8}") = "EnterpriseApp1.ML", "EnterpriseApp1.ML", "{BA60244C-72EC-4FC1-BADA-F268493F149A}"
EndProject
Project("{FAE04EC0-301F-11D3-BF4B-00C04F79EFBC}") = "EnterpriseApp1.ML.Train", "EnterpriseApp1\EnterpriseApp1.ML\EnterpriseApp1.ML.Train\EnterpriseApp1.ML.Train.csproj", "{D71BC8DA-D2C1-4EB4-A6BC-AD93522F231E}"
EndProject
Project("{FAE04EC0-301F-11D3-BF4B-00C04F79EFBC}") = "EnterpriseApp1.ML.Consume", "EnterpriseApp1\EnterpriseApp1.ML\EnterpriseApp1.ML.Consume\EnterpriseApp1.ML.Consume.csproj", "{3A74F214-8717-4E8A-847B-95FF05807E2D}"
EndProject
Project("{2150E333-8FDC-42A3-9474-1A3956D46DE8}") = "EnterpriseApp1.Mobile", "EnterpriseApp1.Mobile", "{E0C4C487-CCE5-43A4-B223-225DE85B40FA}"
EndProject
Project("{FAE04EC0-301F-11D3-BF4B-00C04F79EFBC}") = "EnterpriseApp1.Mobile.Shared", "EnterpriseApp1\EnterpriseApp1.Mobile\EnterpriseApp1.Mobile.Shared\EnterpriseApp1.Mobile.Shared.csproj", "{081A43AD-67B9-495C-868B-B935B0797D9D}"
EndProject
Project("{FAE04EC0-301F-11D3-BF4B-00C04F79EFBC}") = "EnterpriseApp1.Mobile.Android", "EnterpriseApp1\EnterpriseApp1.Mobile\EnterpriseApp1.Mobile.Android\EnterpriseApp1.Mobile.Android.csproj", "{3AC1E6BB-CB04-45AD-BC3C-79B74AB765BA}"
EndProject
Project("{FAE04EC0-301F-11D3-BF4B-00C04F79EFBC}") = "EnterpriseApp1.Mobile.iOS", "EnterpriseApp1\EnterpriseApp1.Mobile\EnterpriseApp1.Mobile.iOS\EnterpriseApp1.Mobile.iOS.csproj", "{9374FE19-8949-4AC6-8880-5CA77E27C384}"
EndProject
Project("{FAE04EC0-301F-11D3-BF4B-00C04F79EFBC}") = "EnterpriseApp1.Mobile.Tizen", "EnterpriseApp1\EnterpriseApp1.Mobile\EnterpriseApp1.Mobile.Tizen\EnterpriseApp1.Mobile.Tizen.csproj", "{27AE2B99-6DE5-4A27-A27F-5489931A1064}"
EndProject
Project("{FAE04EC0-301F-11D3-BF4B-00C04F79EFBC}") = "EnterpriseApp1.Mobile.UWP", "EnterpriseApp1\EnterpriseApp1.Mobile\EnterpriseApp1.Mobile.UWP\EnterpriseApp1.Mobile.UWP.csproj", "{B30CF142-686A-4E4A-A0C2-B6706ADA96CE}"
EndProject
Project("{2150E333-8FDC-42A3-9474-1A3956D46DE8}") = "EnterpriseApp1.Desktop", "EnterpriseApp1.Desktop", "{D6205256-6E7D-4AE5-8993-B61391891E75}"
EndProject
Project("{FAE04EC0-301F-11D3-BF4B-00C04F79EFBC}") = "EnterpriseApp1.Desktop.WinForms", "EnterpriseApp1\EnterpriseApp1.Desktop\EnterpriseApp1.Desktop.WinForms\EnterpriseApp1.Desktop.WinForms.csproj", "{A89782B1-FD08-4203-9B3E-D1F79877F8B1}"
EndProject
Project("{FAE04EC0-301F-11D3-BF4B-00C04F79EFBC}") = "EnterpriseApp1.Desktop.WPF", "EnterpriseApp1\EnterpriseApp1.Desktop\EnterpriseApp1.Desktop.WPF\EnterpriseApp1.Desktop.WPF.csproj", "{A3AE4789-E986-40AA-8803-AF1B5817B90B}"
EndProject
Project("{2150E333-8FDC-42A3-9474-1A3956D46DE8}") = "EnterpriseApp1.Test", "EnterpriseApp1.Test", "{0A39B05F-2F24-4198-87C3-8324469776D5}"
EndProject
Project("{FAE04EC0-301F-11D3-BF4B-00C04F79EFBC}") = "EnterpriseApp1.Core.UnitTest", "EnterpriseApp1\EnterpriseApp1.Test\EnterpriseApp1.Core.UnitTest\EnterpriseApp1.Core.UnitTest.csproj", "{14FA9A56-3465-4F68-BC79-113D7CB8CA74}"
EndProject
Project("{FAE04EC0-301F-11D3-BF4B-00C04F79EFBC}") = "EnterpriseApp1.Web.UnitTest", "EnterpriseApp1\EnterpriseApp1.Test\EnterpriseApp1.Web.UnitTest\EnterpriseApp1.Web.UnitTest.csproj", "{F211429F-C4D5-4D79-9970-CDAEFFDD96EC}"
EndProject
Project("{FAE04EC0-301F-11D3-BF4B-00C04F79EFBC}") = "EnterpriseApp1.Mobile.Shared.UITest", "EnterpriseApp1\EnterpriseApp1.Test\EnterpriseApp1.Mobile.Shared.UITest\EnterpriseApp1.Mobile.Shared.UITest.csproj", "{A5AEB7B5-85E8-4566-B1B4-3448A5AFDE45}"
EndProject
Project("{2150E333-8FDC-42A3-9474-1A3956D46DE8}") = "EnterpriseApp1.Web", "EnterpriseApp1.Web", "{2047E44C-C1F7-424F-95DD-FDB7AFFDF5D4}"
EndProject
Project("{FAE04EC0-301F-11D3-BF4B-00C04F79EFBC}") = "EnterpriseApp1.Web", "EnterpriseApp1\EnterpriseApp1.Web\EnterpriseApp1.Web\EnterpriseApp1.Web.csproj", "{27E1F5A3-68D5-4C12-A107-18654C4C8563}"
EndProject
Project("{FAE04EC0-301F-11D3-BF4B-00C04F79EFBC}") = "EnterpriseApp1.Web.Static", "EnterpriseApp1\EnterpriseApp1.Web\EnterpriseApp1.Web.Static\EnterpriseApp1.Web.Static.csproj", "{AEEBE4B8-DD63-43B4-A9A6-10E66F9C0770}"
EndProject
Project("{2150E333-8FDC-42A3-9474-1A3956D46DE8}") = "EnterpriseApp1.Prototype", "EnterpriseApp1.Prototype", "{4F28072E-073F-42F4-9D84-1ACD70BE1A10}"
	ProjectSection(SolutionItems) = preProject
		EnterpriseApp1\EnterpriseApp1.Prototype\EnterpriseApp1.Core.xd = EnterpriseApp1\EnterpriseApp1.Prototype\EnterpriseApp1.Core.xd
		EnterpriseApp1\EnterpriseApp1.Prototype\EnterpriseApp1.Desktop.xd = EnterpriseApp1\EnterpriseApp1.Prototype\EnterpriseApp1.Desktop.xd
		EnterpriseApp1\EnterpriseApp1.Prototype\EnterpriseApp1.Mobile.xd = EnterpriseApp1\EnterpriseApp1.Prototype\EnterpriseApp1.Mobile.xd
		EnterpriseApp1\EnterpriseApp1.Prototype\EnterpriseApp1.UIKit.xd = EnterpriseApp1\EnterpriseApp1.Prototype\EnterpriseApp1.UIKit.xd
		EnterpriseApp1\EnterpriseApp1.Prototype\EnterpriseApp1.Web.xd = EnterpriseApp1\EnterpriseApp1.Prototype\EnterpriseApp1.Web.xd
	EndProjectSection
EndProject
Global
	GlobalSection(SolutionConfigurationPlatforms) = preSolution
		Ad-Hoc|Any CPU = Ad-Hoc|Any CPU
		Ad-Hoc|ARM = Ad-Hoc|ARM
		Ad-Hoc|iPhone = Ad-Hoc|iPhone
		Ad-Hoc|iPhoneSimulator = Ad-Hoc|iPhoneSimulator
		Ad-Hoc|x64 = Ad-Hoc|x64
		Ad-Hoc|x86 = Ad-Hoc|x86
		AppStore|Any CPU = AppStore|Any CPU
		AppStore|ARM = AppStore|ARM
		AppStore|iPhone = AppStore|iPhone
		AppStore|iPhoneSimulator = AppStore|iPhoneSimulator
		AppStore|x64 = AppStore|x64
		AppStore|x86 = AppStore|x86
		Debug|Any CPU = Debug|Any CPU
		Debug|ARM = Debug|ARM
		Debug|iPhone = Debug|iPhone
		Debug|iPhoneSimulator = Debug|iPhoneSimulator
		Debug|x64 = Debug|x64
		Debug|x86 = Debug|x86
		Release|Any CPU = Release|Any CPU
		Release|ARM = Release|ARM
		Release|iPhone = Release|iPhone
		Release|iPhoneSimulator = Release|iPhoneSimulator
		Release|x64 = Release|x64
		Release|x86 = Release|x86
	EndGlobalSection
	GlobalSection(ProjectConfigurationPlatforms) = postSolution
		{E7F90CD8-FD73-4AC2-B824-D5AA64B8D695}.Ad-Hoc|Any CPU.ActiveCfg = Debug|Any CPU
		{E7F90CD8-FD73-4AC2-B824-D5AA64B8D695}.Ad-Hoc|Any CPU.Build.0 = Debug|Any CPU
		{E7F90CD8-FD73-4AC2-B824-D5AA64B8D695}.Ad-Hoc|ARM.ActiveCfg = Debug|Any CPU
		{E7F90CD8-FD73-4AC2-B824-D5AA64B8D695}.Ad-Hoc|ARM.Build.0 = Debug|Any CPU
		{E7F90CD8-FD73-4AC2-B824-D5AA64B8D695}.Ad-Hoc|iPhone.ActiveCfg = Debug|Any CPU
		{E7F90CD8-FD73-4AC2-B824-D5AA64B8D695}.Ad-Hoc|iPhone.Build.0 = Debug|Any CPU
		{E7F90CD8-FD73-4AC2-B824-D5AA64B8D695}.Ad-Hoc|iPhoneSimulator.ActiveCfg = Debug|Any CPU
		{E7F90CD8-FD73-4AC2-B824-D5AA64B8D695}.Ad-Hoc|iPhoneSimulator.Build.0 = Debug|Any CPU
		{E7F90CD8-FD73-4AC2-B824-D5AA64B8D695}.Ad-Hoc|x64.ActiveCfg = Debug|Any CPU
		{E7F90CD8-FD73-4AC2-B824-D5AA64B8D695}.Ad-Hoc|x64.Build.0 = Debug|Any CPU
		{E7F90CD8-FD73-4AC2-B824-D5AA64B8D695}.Ad-Hoc|x86.ActiveCfg = Debug|Any CPU
		{E7F90CD8-FD73-4AC2-B824-D5AA64B8D695}.Ad-Hoc|x86.Build.0 = Debug|Any CPU
		{E7F90CD8-FD73-4AC2-B824-D5AA64B8D695}.AppStore|Any CPU.ActiveCfg = Debug|Any CPU
		{E7F90CD8-FD73-4AC2-B824-D5AA64B8D695}.AppStore|Any CPU.Build.0 = Debug|Any CPU
		{E7F90CD8-FD73-4AC2-B824-D5AA64B8D695}.AppStore|ARM.ActiveCfg = Debug|Any CPU
		{E7F90CD8-FD73-4AC2-B824-D5AA64B8D695}.AppStore|ARM.Build.0 = Debug|Any CPU
		{E7F90CD8-FD73-4AC2-B824-D5AA64B8D695}.AppStore|iPhone.ActiveCfg = Debug|Any CPU
		{E7F90CD8-FD73-4AC2-B824-D5AA64B8D695}.AppStore|iPhone.Build.0 = Debug|Any CPU
		{E7F90CD8-FD73-4AC2-B824-D5AA64B8D695}.AppStore|iPhoneSimulator.ActiveCfg = Debug|Any CPU
		{E7F90CD8-FD73-4AC2-B824-D5AA64B8D695}.AppStore|iPhoneSimulator.Build.0 = Debug|Any CPU
		{E7F90CD8-FD73-4AC2-B824-D5AA64B8D695}.AppStore|x64.ActiveCfg = Debug|Any CPU
		{E7F90CD8-FD73-4AC2-B824-D5AA64B8D695}.AppStore|x64.Build.0 = Debug|Any CPU
		{E7F90CD8-FD73-4AC2-B824-D5AA64B8D695}.AppStore|x86.ActiveCfg = Debug|Any CPU
		{E7F90CD8-FD73-4AC2-B824-D5AA64B8D695}.AppStore|x86.Build.0 = Debug|Any CPU
		{E7F90CD8-FD73-4AC2-B824-D5AA64B8D695}.Debug|Any CPU.ActiveCfg = Debug|Any CPU
		{E7F90CD8-FD73-4AC2-B824-D5AA64B8D695}.Debug|Any CPU.Build.0 = Debug|Any CPU
		{E7F90CD8-FD73-4AC2-B824-D5AA64B8D695}.Debug|ARM.ActiveCfg = Debug|Any CPU
		{E7F90CD8-FD73-4AC2-B824-D5AA64B8D695}.Debug|ARM.Build.0 = Debug|Any CPU
		{E7F90CD8-FD73-4AC2-B824-D5AA64B8D695}.Debug|iPhone.ActiveCfg = Debug|Any CPU
		{E7F90CD8-FD73-4AC2-B824-D5AA64B8D695}.Debug|iPhone.Build.0 = Debug|Any CPU
		{E7F90CD8-FD73-4AC2-B824-D5AA64B8D695}.Debug|iPhoneSimulator.ActiveCfg = Debug|Any CPU
		{E7F90CD8-FD73-4AC2-B824-D5AA64B8D695}.Debug|iPhoneSimulator.Build.0 = Debug|Any CPU
		{E7F90CD8-FD73-4AC2-B824-D5AA64B8D695}.Debug|x64.ActiveCfg = Debug|Any CPU
		{E7F90CD8-FD73-4AC2-B824-D5AA64B8D695}.Debug|x64.Build.0 = Debug|Any CPU
		{E7F90CD8-FD73-4AC2-B824-D5AA64B8D695}.Debug|x86.ActiveCfg = Debug|Any CPU
		{E7F90CD8-FD73-4AC2-B824-D5AA64B8D695}.Debug|x86.Build.0 = Debug|Any CPU
		{E7F90CD8-FD73-4AC2-B824-D5AA64B8D695}.Release|Any CPU.ActiveCfg = Release|Any CPU
		{E7F90CD8-FD73-4AC2-B824-D5AA64B8D695}.Release|Any CPU.Build.0 = Release|Any CPU
		{E7F90CD8-FD73-4AC2-B824-D5AA64B8D695}.Release|ARM.ActiveCfg = Release|Any CPU
		{E7F90CD8-FD73-4AC2-B824-D5AA64B8D695}.Release|ARM.Build.0 = Release|Any CPU
		{E7F90CD8-FD73-4AC2-B824-D5AA64B8D695}.Release|iPhone.ActiveCfg = Release|Any CPU
		{E7F90CD8-FD73-4AC2-B824-D5AA64B8D695}.Release|iPhone.Build.0 = Release|Any CPU
		{E7F90CD8-FD73-4AC2-B824-D5AA64B8D695}.Release|iPhoneSimulator.ActiveCfg = Release|Any CPU
		{E7F90CD8-FD73-4AC2-B824-D5AA64B8D695}.Release|iPhoneSimulator.Build.0 = Release|Any CPU
		{E7F90CD8-FD73-4AC2-B824-D5AA64B8D695}.Release|x64.ActiveCfg = Release|Any CPU
		{E7F90CD8-FD73-4AC2-B824-D5AA64B8D695}.Release|x64.Build.0 = Release|Any CPU
		{E7F90CD8-FD73-4AC2-B824-D5AA64B8D695}.Release|x86.ActiveCfg = Release|Any CPU
		{E7F90CD8-FD73-4AC2-B824-D5AA64B8D695}.Release|x86.Build.0 = Release|Any CPU
		{D71BC8DA-D2C1-4EB4-A6BC-AD93522F231E}.Ad-Hoc|Any CPU.ActiveCfg = Debug|Any CPU
		{D71BC8DA-D2C1-4EB4-A6BC-AD93522F231E}.Ad-Hoc|Any CPU.Build.0 = Debug|Any CPU
		{D71BC8DA-D2C1-4EB4-A6BC-AD93522F231E}.Ad-Hoc|ARM.ActiveCfg = Debug|Any CPU
		{D71BC8DA-D2C1-4EB4-A6BC-AD93522F231E}.Ad-Hoc|ARM.Build.0 = Debug|Any CPU
		{D71BC8DA-D2C1-4EB4-A6BC-AD93522F231E}.Ad-Hoc|iPhone.ActiveCfg = Debug|Any CPU
		{D71BC8DA-D2C1-4EB4-A6BC-AD93522F231E}.Ad-Hoc|iPhone.Build.0 = Debug|Any CPU
		{D71BC8DA-D2C1-4EB4-A6BC-AD93522F231E}.Ad-Hoc|iPhoneSimulator.ActiveCfg = Debug|Any CPU
		{D71BC8DA-D2C1-4EB4-A6BC-AD93522F231E}.Ad-Hoc|iPhoneSimulator.Build.0 = Debug|Any CPU
		{D71BC8DA-D2C1-4EB4-A6BC-AD93522F231E}.Ad-Hoc|x64.ActiveCfg = Debug|Any CPU
		{D71BC8DA-D2C1-4EB4-A6BC-AD93522F231E}.Ad-Hoc|x64.Build.0 = Debug|Any CPU
		{D71BC8DA-D2C1-4EB4-A6BC-AD93522F231E}.Ad-Hoc|x86.ActiveCfg = Debug|Any CPU
		{D71BC8DA-D2C1-4EB4-A6BC-AD93522F231E}.Ad-Hoc|x86.Build.0 = Debug|Any CPU
		{D71BC8DA-D2C1-4EB4-A6BC-AD93522F231E}.AppStore|Any CPU.ActiveCfg = Debug|Any CPU
		{D71BC8DA-D2C1-4EB4-A6BC-AD93522F231E}.AppStore|Any CPU.Build.0 = Debug|Any CPU
		{D71BC8DA-D2C1-4EB4-A6BC-AD93522F231E}.AppStore|ARM.ActiveCfg = Debug|Any CPU
		{D71BC8DA-D2C1-4EB4-A6BC-AD93522F231E}.AppStore|ARM.Build.0 = Debug|Any CPU
		{D71BC8DA-D2C1-4EB4-A6BC-AD93522F231E}.AppStore|iPhone.ActiveCfg = Debug|Any CPU
		{D71BC8DA-D2C1-4EB4-A6BC-AD93522F231E}.AppStore|iPhone.Build.0 = Debug|Any CPU
		{D71BC8DA-D2C1-4EB4-A6BC-AD93522F231E}.AppStore|iPhoneSimulator.ActiveCfg = Debug|Any CPU
		{D71BC8DA-D2C1-4EB4-A6BC-AD93522F231E}.AppStore|iPhoneSimulator.Build.0 = Debug|Any CPU
		{D71BC8DA-D2C1-4EB4-A6BC-AD93522F231E}.AppStore|x64.ActiveCfg = Debug|Any CPU
		{D71BC8DA-D2C1-4EB4-A6BC-AD93522F231E}.AppStore|x64.Build.0 = Debug|Any CPU
		{D71BC8DA-D2C1-4EB4-A6BC-AD93522F231E}.AppStore|x86.ActiveCfg = Debug|Any CPU
		{D71BC8DA-D2C1-4EB4-A6BC-AD93522F231E}.AppStore|x86.Build.0 = Debug|Any CPU
		{D71BC8DA-D2C1-4EB4-A6BC-AD93522F231E}.Debug|Any CPU.ActiveCfg = Debug|Any CPU
		{D71BC8DA-D2C1-4EB4-A6BC-AD93522F231E}.Debug|Any CPU.Build.0 = Debug|Any CPU
		{D71BC8DA-D2C1-4EB4-A6BC-AD93522F231E}.Debug|ARM.ActiveCfg = Debug|Any CPU
		{D71BC8DA-D2C1-4EB4-A6BC-AD93522F231E}.Debug|ARM.Build.0 = Debug|Any CPU
		{D71BC8DA-D2C1-4EB4-A6BC-AD93522F231E}.Debug|iPhone.ActiveCfg = Debug|Any CPU
		{D71BC8DA-D2C1-4EB4-A6BC-AD93522F231E}.Debug|iPhone.Build.0 = Debug|Any CPU
		{D71BC8DA-D2C1-4EB4-A6BC-AD93522F231E}.Debug|iPhoneSimulator.ActiveCfg = Debug|Any CPU
		{D71BC8DA-D2C1-4EB4-A6BC-AD93522F231E}.Debug|iPhoneSimulator.Build.0 = Debug|Any CPU
		{D71BC8DA-D2C1-4EB4-A6BC-AD93522F231E}.Debug|x64.ActiveCfg = Debug|Any CPU
		{D71BC8DA-D2C1-4EB4-A6BC-AD93522F231E}.Debug|x64.Build.0 = Debug|Any CPU
		{D71BC8DA-D2C1-4EB4-A6BC-AD93522F231E}.Debug|x86.ActiveCfg = Debug|Any CPU
		{D71BC8DA-D2C1-4EB4-A6BC-AD93522F231E}.Debug|x86.Build.0 = Debug|Any CPU
		{D71BC8DA-D2C1-4EB4-A6BC-AD93522F231E}.Release|Any CPU.ActiveCfg = Release|Any CPU
		{D71BC8DA-D2C1-4EB4-A6BC-AD93522F231E}.Release|Any CPU.Build.0 = Release|Any CPU
		{D71BC8DA-D2C1-4EB4-A6BC-AD93522F231E}.Release|ARM.ActiveCfg = Release|Any CPU
		{D71BC8DA-D2C1-4EB4-A6BC-AD93522F231E}.Release|ARM.Build.0 = Release|Any CPU
		{D71BC8DA-D2C1-4EB4-A6BC-AD93522F231E}.Release|iPhone.ActiveCfg = Release|Any CPU
		{D71BC8DA-D2C1-4EB4-A6BC-AD93522F231E}.Release|iPhone.Build.0 = Release|Any CPU
		{D71BC8DA-D2C1-4EB4-A6BC-AD93522F231E}.Release|iPhoneSimulator.ActiveCfg = Release|Any CPU
		{D71BC8DA-D2C1-4EB4-A6BC-AD93522F231E}.Release|iPhoneSimulator.Build.0 = Release|Any CPU
		{D71BC8DA-D2C1-4EB4-A6BC-AD93522F231E}.Release|x64.ActiveCfg = Release|Any CPU
		{D71BC8DA-D2C1-4EB4-A6BC-AD93522F231E}.Release|x64.Build.0 = Release|Any CPU
		{D71BC8DA-D2C1-4EB4-A6BC-AD93522F231E}.Release|x86.ActiveCfg = Release|Any CPU
		{D71BC8DA-D2C1-4EB4-A6BC-AD93522F231E}.Release|x86.Build.0 = Release|Any CPU
		{3A74F214-8717-4E8A-847B-95FF05807E2D}.Ad-Hoc|Any CPU.ActiveCfg = Debug|Any CPU
		{3A74F214-8717-4E8A-847B-95FF05807E2D}.Ad-Hoc|Any CPU.Build.0 = Debug|Any CPU
		{3A74F214-8717-4E8A-847B-95FF05807E2D}.Ad-Hoc|ARM.ActiveCfg = Debug|Any CPU
		{3A74F214-8717-4E8A-847B-95FF05807E2D}.Ad-Hoc|ARM.Build.0 = Debug|Any CPU
		{3A74F214-8717-4E8A-847B-95FF05807E2D}.Ad-Hoc|iPhone.ActiveCfg = Debug|Any CPU
		{3A74F214-8717-4E8A-847B-95FF05807E2D}.Ad-Hoc|iPhone.Build.0 = Debug|Any CPU
		{3A74F214-8717-4E8A-847B-95FF05807E2D}.Ad-Hoc|iPhoneSimulator.ActiveCfg = Debug|Any CPU
		{3A74F214-8717-4E8A-847B-95FF05807E2D}.Ad-Hoc|iPhoneSimulator.Build.0 = Debug|Any CPU
		{3A74F214-8717-4E8A-847B-95FF05807E2D}.Ad-Hoc|x64.ActiveCfg = Debug|Any CPU
		{3A74F214-8717-4E8A-847B-95FF05807E2D}.Ad-Hoc|x64.Build.0 = Debug|Any CPU
		{3A74F214-8717-4E8A-847B-95FF05807E2D}.Ad-Hoc|x86.ActiveCfg = Debug|Any CPU
		{3A74F214-8717-4E8A-847B-95FF05807E2D}.Ad-Hoc|x86.Build.0 = Debug|Any CPU
		{3A74F214-8717-4E8A-847B-95FF05807E2D}.AppStore|Any CPU.ActiveCfg = Debug|Any CPU
		{3A74F214-8717-4E8A-847B-95FF05807E2D}.AppStore|Any CPU.Build.0 = Debug|Any CPU
		{3A74F214-8717-4E8A-847B-95FF05807E2D}.AppStore|ARM.ActiveCfg = Debug|Any CPU
		{3A74F214-8717-4E8A-847B-95FF05807E2D}.AppStore|ARM.Build.0 = Debug|Any CPU
		{3A74F214-8717-4E8A-847B-95FF05807E2D}.AppStore|iPhone.ActiveCfg = Debug|Any CPU
		{3A74F214-8717-4E8A-847B-95FF05807E2D}.AppStore|iPhone.Build.0 = Debug|Any CPU
		{3A74F214-8717-4E8A-847B-95FF05807E2D}.AppStore|iPhoneSimulator.ActiveCfg = Debug|Any CPU
		{3A74F214-8717-4E8A-847B-95FF05807E2D}.AppStore|iPhoneSimulator.Build.0 = Debug|Any CPU
		{3A74F214-8717-4E8A-847B-95FF05807E2D}.AppStore|x64.ActiveCfg = Debug|Any CPU
		{3A74F214-8717-4E8A-847B-95FF05807E2D}.AppStore|x64.Build.0 = Debug|Any CPU
		{3A74F214-8717-4E8A-847B-95FF05807E2D}.AppStore|x86.ActiveCfg = Debug|Any CPU
		{3A74F214-8717-4E8A-847B-95FF05807E2D}.AppStore|x86.Build.0 = Debug|Any CPU
		{3A74F214-8717-4E8A-847B-95FF05807E2D}.Debug|Any CPU.ActiveCfg = Debug|Any CPU
		{3A74F214-8717-4E8A-847B-95FF05807E2D}.Debug|Any CPU.Build.0 = Debug|Any CPU
		{3A74F214-8717-4E8A-847B-95FF05807E2D}.Debug|ARM.ActiveCfg = Debug|Any CPU
		{3A74F214-8717-4E8A-847B-95FF05807E2D}.Debug|ARM.Build.0 = Debug|Any CPU
		{3A74F214-8717-4E8A-847B-95FF05807E2D}.Debug|iPhone.ActiveCfg = Debug|Any CPU
		{3A74F214-8717-4E8A-847B-95FF05807E2D}.Debug|iPhone.Build.0 = Debug|Any CPU
		{3A74F214-8717-4E8A-847B-95FF05807E2D}.Debug|iPhoneSimulator.ActiveCfg = Debug|Any CPU
		{3A74F214-8717-4E8A-847B-95FF05807E2D}.Debug|iPhoneSimulator.Build.0 = Debug|Any CPU
		{3A74F214-8717-4E8A-847B-95FF05807E2D}.Debug|x64.ActiveCfg = Debug|Any CPU
		{3A74F214-8717-4E8A-847B-95FF05807E2D}.Debug|x64.Build.0 = Debug|Any CPU
		{3A74F214-8717-4E8A-847B-95FF05807E2D}.Debug|x86.ActiveCfg = Debug|Any CPU
		{3A74F214-8717-4E8A-847B-95FF05807E2D}.Debug|x86.Build.0 = Debug|Any CPU
		{3A74F214-8717-4E8A-847B-95FF05807E2D}.Release|Any CPU.ActiveCfg = Release|Any CPU
		{3A74F214-8717-4E8A-847B-95FF05807E2D}.Release|Any CPU.Build.0 = Release|Any CPU
		{3A74F214-8717-4E8A-847B-95FF05807E2D}.Release|ARM.ActiveCfg = Release|Any CPU
		{3A74F214-8717-4E8A-847B-95FF05807E2D}.Release|ARM.Build.0 = Release|Any CPU
		{3A74F214-8717-4E8A-847B-95FF05807E2D}.Release|iPhone.ActiveCfg = Release|Any CPU
		{3A74F214-8717-4E8A-847B-95FF05807E2D}.Release|iPhone.Build.0 = Release|Any CPU
		{3A74F214-8717-4E8A-847B-95FF05807E2D}.Release|iPhoneSimulator.ActiveCfg = Release|Any CPU
		{3A74F214-8717-4E8A-847B-95FF05807E2D}.Release|iPhoneSimulator.Build.0 = Release|Any CPU
		{3A74F214-8717-4E8A-847B-95FF05807E2D}.Release|x64.ActiveCfg = Release|Any CPU
		{3A74F214-8717-4E8A-847B-95FF05807E2D}.Release|x64.Build.0 = Release|Any CPU
		{3A74F214-8717-4E8A-847B-95FF05807E2D}.Release|x86.ActiveCfg = Release|Any CPU
		{3A74F214-8717-4E8A-847B-95FF05807E2D}.Release|x86.Build.0 = Release|Any CPU
		{081A43AD-67B9-495C-868B-B935B0797D9D}.Ad-Hoc|Any CPU.ActiveCfg = Debug|Any CPU
		{081A43AD-67B9-495C-868B-B935B0797D9D}.Ad-Hoc|Any CPU.Build.0 = Debug|Any CPU
		{081A43AD-67B9-495C-868B-B935B0797D9D}.Ad-Hoc|ARM.ActiveCfg = Debug|Any CPU
		{081A43AD-67B9-495C-868B-B935B0797D9D}.Ad-Hoc|ARM.Build.0 = Debug|Any CPU
		{081A43AD-67B9-495C-868B-B935B0797D9D}.Ad-Hoc|iPhone.ActiveCfg = Debug|Any CPU
		{081A43AD-67B9-495C-868B-B935B0797D9D}.Ad-Hoc|iPhone.Build.0 = Debug|Any CPU
		{081A43AD-67B9-495C-868B-B935B0797D9D}.Ad-Hoc|iPhoneSimulator.ActiveCfg = Debug|Any CPU
		{081A43AD-67B9-495C-868B-B935B0797D9D}.Ad-Hoc|iPhoneSimulator.Build.0 = Debug|Any CPU
		{081A43AD-67B9-495C-868B-B935B0797D9D}.Ad-Hoc|x64.ActiveCfg = Debug|Any CPU
		{081A43AD-67B9-495C-868B-B935B0797D9D}.Ad-Hoc|x64.Build.0 = Debug|Any CPU
		{081A43AD-67B9-495C-868B-B935B0797D9D}.Ad-Hoc|x86.ActiveCfg = Debug|Any CPU
		{081A43AD-67B9-495C-868B-B935B0797D9D}.Ad-Hoc|x86.Build.0 = Debug|Any CPU
		{081A43AD-67B9-495C-868B-B935B0797D9D}.AppStore|Any CPU.ActiveCfg = Debug|Any CPU
		{081A43AD-67B9-495C-868B-B935B0797D9D}.AppStore|Any CPU.Build.0 = Debug|Any CPU
		{081A43AD-67B9-495C-868B-B935B0797D9D}.AppStore|ARM.ActiveCfg = Debug|Any CPU
		{081A43AD-67B9-495C-868B-B935B0797D9D}.AppStore|ARM.Build.0 = Debug|Any CPU
		{081A43AD-67B9-495C-868B-B935B0797D9D}.AppStore|iPhone.ActiveCfg = Debug|Any CPU
		{081A43AD-67B9-495C-868B-B935B0797D9D}.AppStore|iPhone.Build.0 = Debug|Any CPU
		{081A43AD-67B9-495C-868B-B935B0797D9D}.AppStore|iPhoneSimulator.ActiveCfg = Debug|Any CPU
		{081A43AD-67B9-495C-868B-B935B0797D9D}.AppStore|iPhoneSimulator.Build.0 = Debug|Any CPU
		{081A43AD-67B9-495C-868B-B935B0797D9D}.AppStore|x64.ActiveCfg = Debug|Any CPU
		{081A43AD-67B9-495C-868B-B935B0797D9D}.AppStore|x64.Build.0 = Debug|Any CPU
		{081A43AD-67B9-495C-868B-B935B0797D9D}.AppStore|x86.ActiveCfg = Debug|Any CPU
		{081A43AD-67B9-495C-868B-B935B0797D9D}.AppStore|x86.Build.0 = Debug|Any CPU
		{081A43AD-67B9-495C-868B-B935B0797D9D}.Debug|Any CPU.ActiveCfg = Debug|Any CPU
		{081A43AD-67B9-495C-868B-B935B0797D9D}.Debug|Any CPU.Build.0 = Debug|Any CPU
		{081A43AD-67B9-495C-868B-B935B0797D9D}.Debug|ARM.ActiveCfg = Debug|Any CPU
		{081A43AD-67B9-495C-868B-B935B0797D9D}.Debug|ARM.Build.0 = Debug|Any CPU
		{081A43AD-67B9-495C-868B-B935B0797D9D}.Debug|iPhone.ActiveCfg = Debug|Any CPU
		{081A43AD-67B9-495C-868B-B935B0797D9D}.Debug|iPhone.Build.0 = Debug|Any CPU
		{081A43AD-67B9-495C-868B-B935B0797D9D}.Debug|iPhoneSimulator.ActiveCfg = Debug|Any CPU
		{081A43AD-67B9-495C-868B-B935B0797D9D}.Debug|iPhoneSimulator.Build.0 = Debug|Any CPU
		{081A43AD-67B9-495C-868B-B935B0797D9D}.Debug|x64.ActiveCfg = Debug|Any CPU
		{081A43AD-67B9-495C-868B-B935B0797D9D}.Debug|x64.Build.0 = Debug|Any CPU
		{081A43AD-67B9-495C-868B-B935B0797D9D}.Debug|x86.ActiveCfg = Debug|Any CPU
		{081A43AD-67B9-495C-868B-B935B0797D9D}.Debug|x86.Build.0 = Debug|Any CPU
		{081A43AD-67B9-495C-868B-B935B0797D9D}.Release|Any CPU.ActiveCfg = Release|Any CPU
		{081A43AD-67B9-495C-868B-B935B0797D9D}.Release|Any CPU.Build.0 = Release|Any CPU
		{081A43AD-67B9-495C-868B-B935B0797D9D}.Release|ARM.ActiveCfg = Release|Any CPU
		{081A43AD-67B9-495C-868B-B935B0797D9D}.Release|ARM.Build.0 = Release|Any CPU
		{081A43AD-67B9-495C-868B-B935B0797D9D}.Release|iPhone.ActiveCfg = Release|Any CPU
		{081A43AD-67B9-495C-868B-B935B0797D9D}.Release|iPhone.Build.0 = Release|Any CPU
		{081A43AD-67B9-495C-868B-B935B0797D9D}.Release|iPhoneSimulator.ActiveCfg = Release|Any CPU
		{081A43AD-67B9-495C-868B-B935B0797D9D}.Release|iPhoneSimulator.Build.0 = Release|Any CPU
		{081A43AD-67B9-495C-868B-B935B0797D9D}.Release|x64.ActiveCfg = Release|Any CPU
		{081A43AD-67B9-495C-868B-B935B0797D9D}.Release|x64.Build.0 = Release|Any CPU
		{081A43AD-67B9-495C-868B-B935B0797D9D}.Release|x86.ActiveCfg = Release|Any CPU
		{081A43AD-67B9-495C-868B-B935B0797D9D}.Release|x86.Build.0 = Release|Any CPU
		{3AC1E6BB-CB04-45AD-BC3C-79B74AB765BA}.Ad-Hoc|Any CPU.ActiveCfg = Release|Any CPU
		{3AC1E6BB-CB04-45AD-BC3C-79B74AB765BA}.Ad-Hoc|Any CPU.Build.0 = Release|Any CPU
		{3AC1E6BB-CB04-45AD-BC3C-79B74AB765BA}.Ad-Hoc|Any CPU.Deploy.0 = Release|Any CPU
		{3AC1E6BB-CB04-45AD-BC3C-79B74AB765BA}.Ad-Hoc|ARM.ActiveCfg = Release|Any CPU
		{3AC1E6BB-CB04-45AD-BC3C-79B74AB765BA}.Ad-Hoc|ARM.Build.0 = Release|Any CPU
		{3AC1E6BB-CB04-45AD-BC3C-79B74AB765BA}.Ad-Hoc|ARM.Deploy.0 = Release|Any CPU
		{3AC1E6BB-CB04-45AD-BC3C-79B74AB765BA}.Ad-Hoc|iPhone.ActiveCfg = Release|Any CPU
		{3AC1E6BB-CB04-45AD-BC3C-79B74AB765BA}.Ad-Hoc|iPhone.Build.0 = Release|Any CPU
		{3AC1E6BB-CB04-45AD-BC3C-79B74AB765BA}.Ad-Hoc|iPhone.Deploy.0 = Release|Any CPU
		{3AC1E6BB-CB04-45AD-BC3C-79B74AB765BA}.Ad-Hoc|iPhoneSimulator.ActiveCfg = Release|Any CPU
		{3AC1E6BB-CB04-45AD-BC3C-79B74AB765BA}.Ad-Hoc|iPhoneSimulator.Build.0 = Release|Any CPU
		{3AC1E6BB-CB04-45AD-BC3C-79B74AB765BA}.Ad-Hoc|iPhoneSimulator.Deploy.0 = Release|Any CPU
		{3AC1E6BB-CB04-45AD-BC3C-79B74AB765BA}.Ad-Hoc|x64.ActiveCfg = Release|Any CPU
		{3AC1E6BB-CB04-45AD-BC3C-79B74AB765BA}.Ad-Hoc|x64.Build.0 = Release|Any CPU
		{3AC1E6BB-CB04-45AD-BC3C-79B74AB765BA}.Ad-Hoc|x64.Deploy.0 = Release|Any CPU
		{3AC1E6BB-CB04-45AD-BC3C-79B74AB765BA}.Ad-Hoc|x86.ActiveCfg = Release|Any CPU
		{3AC1E6BB-CB04-45AD-BC3C-79B74AB765BA}.Ad-Hoc|x86.Build.0 = Release|Any CPU
		{3AC1E6BB-CB04-45AD-BC3C-79B74AB765BA}.Ad-Hoc|x86.Deploy.0 = Release|Any CPU
		{3AC1E6BB-CB04-45AD-BC3C-79B74AB765BA}.AppStore|Any CPU.ActiveCfg = Release|Any CPU
		{3AC1E6BB-CB04-45AD-BC3C-79B74AB765BA}.AppStore|Any CPU.Build.0 = Release|Any CPU
		{3AC1E6BB-CB04-45AD-BC3C-79B74AB765BA}.AppStore|Any CPU.Deploy.0 = Release|Any CPU
		{3AC1E6BB-CB04-45AD-BC3C-79B74AB765BA}.AppStore|ARM.ActiveCfg = Release|Any CPU
		{3AC1E6BB-CB04-45AD-BC3C-79B74AB765BA}.AppStore|ARM.Build.0 = Release|Any CPU
		{3AC1E6BB-CB04-45AD-BC3C-79B74AB765BA}.AppStore|ARM.Deploy.0 = Release|Any CPU
		{3AC1E6BB-CB04-45AD-BC3C-79B74AB765BA}.AppStore|iPhone.ActiveCfg = Release|Any CPU
		{3AC1E6BB-CB04-45AD-BC3C-79B74AB765BA}.AppStore|iPhone.Build.0 = Release|Any CPU
		{3AC1E6BB-CB04-45AD-BC3C-79B74AB765BA}.AppStore|iPhone.Deploy.0 = Release|Any CPU
		{3AC1E6BB-CB04-45AD-BC3C-79B74AB765BA}.AppStore|iPhoneSimulator.ActiveCfg = Release|Any CPU
		{3AC1E6BB-CB04-45AD-BC3C-79B74AB765BA}.AppStore|iPhoneSimulator.Build.0 = Release|Any CPU
		{3AC1E6BB-CB04-45AD-BC3C-79B74AB765BA}.AppStore|iPhoneSimulator.Deploy.0 = Release|Any CPU
		{3AC1E6BB-CB04-45AD-BC3C-79B74AB765BA}.AppStore|x64.ActiveCfg = Release|Any CPU
		{3AC1E6BB-CB04-45AD-BC3C-79B74AB765BA}.AppStore|x64.Build.0 = Release|Any CPU
		{3AC1E6BB-CB04-45AD-BC3C-79B74AB765BA}.AppStore|x64.Deploy.0 = Release|Any CPU
		{3AC1E6BB-CB04-45AD-BC3C-79B74AB765BA}.AppStore|x86.ActiveCfg = Release|Any CPU
		{3AC1E6BB-CB04-45AD-BC3C-79B74AB765BA}.AppStore|x86.Build.0 = Release|Any CPU
		{3AC1E6BB-CB04-45AD-BC3C-79B74AB765BA}.AppStore|x86.Deploy.0 = Release|Any CPU
		{3AC1E6BB-CB04-45AD-BC3C-79B74AB765BA}.Debug|Any CPU.ActiveCfg = Debug|Any CPU
		{3AC1E6BB-CB04-45AD-BC3C-79B74AB765BA}.Debug|Any CPU.Build.0 = Debug|Any CPU
		{3AC1E6BB-CB04-45AD-BC3C-79B74AB765BA}.Debug|Any CPU.Deploy.0 = Debug|Any CPU
		{3AC1E6BB-CB04-45AD-BC3C-79B74AB765BA}.Debug|ARM.ActiveCfg = Debug|Any CPU
		{3AC1E6BB-CB04-45AD-BC3C-79B74AB765BA}.Debug|ARM.Build.0 = Debug|Any CPU
		{3AC1E6BB-CB04-45AD-BC3C-79B74AB765BA}.Debug|ARM.Deploy.0 = Debug|Any CPU
		{3AC1E6BB-CB04-45AD-BC3C-79B74AB765BA}.Debug|iPhone.ActiveCfg = Debug|Any CPU
		{3AC1E6BB-CB04-45AD-BC3C-79B74AB765BA}.Debug|iPhone.Build.0 = Debug|Any CPU
		{3AC1E6BB-CB04-45AD-BC3C-79B74AB765BA}.Debug|iPhone.Deploy.0 = Debug|Any CPU
		{3AC1E6BB-CB04-45AD-BC3C-79B74AB765BA}.Debug|iPhoneSimulator.ActiveCfg = Debug|Any CPU
		{3AC1E6BB-CB04-45AD-BC3C-79B74AB765BA}.Debug|iPhoneSimulator.Build.0 = Debug|Any CPU
		{3AC1E6BB-CB04-45AD-BC3C-79B74AB765BA}.Debug|iPhoneSimulator.Deploy.0 = Debug|Any CPU
		{3AC1E6BB-CB04-45AD-BC3C-79B74AB765BA}.Debug|x64.ActiveCfg = Debug|Any CPU
		{3AC1E6BB-CB04-45AD-BC3C-79B74AB765BA}.Debug|x64.Build.0 = Debug|Any CPU
		{3AC1E6BB-CB04-45AD-BC3C-79B74AB765BA}.Debug|x64.Deploy.0 = Debug|Any CPU
		{3AC1E6BB-CB04-45AD-BC3C-79B74AB765BA}.Debug|x86.ActiveCfg = Debug|Any CPU
		{3AC1E6BB-CB04-45AD-BC3C-79B74AB765BA}.Debug|x86.Build.0 = Debug|Any CPU
		{3AC1E6BB-CB04-45AD-BC3C-79B74AB765BA}.Debug|x86.Deploy.0 = Debug|Any CPU
		{3AC1E6BB-CB04-45AD-BC3C-79B74AB765BA}.Release|Any CPU.ActiveCfg = Release|Any CPU
		{3AC1E6BB-CB04-45AD-BC3C-79B74AB765BA}.Release|Any CPU.Build.0 = Release|Any CPU
		{3AC1E6BB-CB04-45AD-BC3C-79B74AB765BA}.Release|Any CPU.Deploy.0 = Release|Any CPU
		{3AC1E6BB-CB04-45AD-BC3C-79B74AB765BA}.Release|ARM.ActiveCfg = Release|Any CPU
		{3AC1E6BB-CB04-45AD-BC3C-79B74AB765BA}.Release|ARM.Build.0 = Release|Any CPU
		{3AC1E6BB-CB04-45AD-BC3C-79B74AB765BA}.Release|ARM.Deploy.0 = Release|Any CPU
		{3AC1E6BB-CB04-45AD-BC3C-79B74AB765BA}.Release|iPhone.ActiveCfg = Release|Any CPU
		{3AC1E6BB-CB04-45AD-BC3C-79B74AB765BA}.Release|iPhone.Build.0 = Release|Any CPU
		{3AC1E6BB-CB04-45AD-BC3C-79B74AB765BA}.Release|iPhone.Deploy.0 = Release|Any CPU
		{3AC1E6BB-CB04-45AD-BC3C-79B74AB765BA}.Release|iPhoneSimulator.ActiveCfg = Release|Any CPU
		{3AC1E6BB-CB04-45AD-BC3C-79B74AB765BA}.Release|iPhoneSimulator.Build.0 = Release|Any CPU
		{3AC1E6BB-CB04-45AD-BC3C-79B74AB765BA}.Release|iPhoneSimulator.Deploy.0 = Release|Any CPU
		{3AC1E6BB-CB04-45AD-BC3C-79B74AB765BA}.Release|x64.ActiveCfg = Release|Any CPU
		{3AC1E6BB-CB04-45AD-BC3C-79B74AB765BA}.Release|x64.Build.0 = Release|Any CPU
		{3AC1E6BB-CB04-45AD-BC3C-79B74AB765BA}.Release|x64.Deploy.0 = Release|Any CPU
		{3AC1E6BB-CB04-45AD-BC3C-79B74AB765BA}.Release|x86.ActiveCfg = Release|Any CPU
		{3AC1E6BB-CB04-45AD-BC3C-79B74AB765BA}.Release|x86.Build.0 = Release|Any CPU
		{3AC1E6BB-CB04-45AD-BC3C-79B74AB765BA}.Release|x86.Deploy.0 = Release|Any CPU
		{9374FE19-8949-4AC6-8880-5CA77E27C384}.Ad-Hoc|Any CPU.ActiveCfg = Ad-Hoc|iPhone
		{9374FE19-8949-4AC6-8880-5CA77E27C384}.Ad-Hoc|ARM.ActiveCfg = Ad-Hoc|iPhone
		{9374FE19-8949-4AC6-8880-5CA77E27C384}.Ad-Hoc|iPhone.ActiveCfg = Ad-Hoc|iPhone
		{9374FE19-8949-4AC6-8880-5CA77E27C384}.Ad-Hoc|iPhone.Build.0 = Ad-Hoc|iPhone
		{9374FE19-8949-4AC6-8880-5CA77E27C384}.Ad-Hoc|iPhoneSimulator.ActiveCfg = Ad-Hoc|iPhoneSimulator
		{9374FE19-8949-4AC6-8880-5CA77E27C384}.Ad-Hoc|iPhoneSimulator.Build.0 = Ad-Hoc|iPhoneSimulator
		{9374FE19-8949-4AC6-8880-5CA77E27C384}.Ad-Hoc|x64.ActiveCfg = Ad-Hoc|iPhone
		{9374FE19-8949-4AC6-8880-5CA77E27C384}.Ad-Hoc|x86.ActiveCfg = Ad-Hoc|iPhone
		{9374FE19-8949-4AC6-8880-5CA77E27C384}.AppStore|Any CPU.ActiveCfg = AppStore|iPhone
		{9374FE19-8949-4AC6-8880-5CA77E27C384}.AppStore|ARM.ActiveCfg = AppStore|iPhone
		{9374FE19-8949-4AC6-8880-5CA77E27C384}.AppStore|iPhone.ActiveCfg = AppStore|iPhone
		{9374FE19-8949-4AC6-8880-5CA77E27C384}.AppStore|iPhone.Build.0 = AppStore|iPhone
		{9374FE19-8949-4AC6-8880-5CA77E27C384}.AppStore|iPhoneSimulator.ActiveCfg = AppStore|iPhoneSimulator
		{9374FE19-8949-4AC6-8880-5CA77E27C384}.AppStore|iPhoneSimulator.Build.0 = AppStore|iPhoneSimulator
		{9374FE19-8949-4AC6-8880-5CA77E27C384}.AppStore|x64.ActiveCfg = AppStore|iPhone
		{9374FE19-8949-4AC6-8880-5CA77E27C384}.AppStore|x86.ActiveCfg = AppStore|iPhone
		{9374FE19-8949-4AC6-8880-5CA77E27C384}.Debug|Any CPU.ActiveCfg = Debug|iPhone
		{9374FE19-8949-4AC6-8880-5CA77E27C384}.Debug|ARM.ActiveCfg = Debug|iPhone
		{9374FE19-8949-4AC6-8880-5CA77E27C384}.Debug|iPhone.ActiveCfg = Debug|iPhone
		{9374FE19-8949-4AC6-8880-5CA77E27C384}.Debug|iPhone.Build.0 = Debug|iPhone
		{9374FE19-8949-4AC6-8880-5CA77E27C384}.Debug|iPhoneSimulator.ActiveCfg = Debug|iPhoneSimulator
		{9374FE19-8949-4AC6-8880-5CA77E27C384}.Debug|iPhoneSimulator.Build.0 = Debug|iPhoneSimulator
		{9374FE19-8949-4AC6-8880-5CA77E27C384}.Debug|x64.ActiveCfg = Debug|iPhone
		{9374FE19-8949-4AC6-8880-5CA77E27C384}.Debug|x86.ActiveCfg = Debug|iPhone
		{9374FE19-8949-4AC6-8880-5CA77E27C384}.Release|Any CPU.ActiveCfg = Release|iPhone
		{9374FE19-8949-4AC6-8880-5CA77E27C384}.Release|ARM.ActiveCfg = Release|iPhone
		{9374FE19-8949-4AC6-8880-5CA77E27C384}.Release|iPhone.ActiveCfg = Release|iPhone
		{9374FE19-8949-4AC6-8880-5CA77E27C384}.Release|iPhone.Build.0 = Release|iPhone
		{9374FE19-8949-4AC6-8880-5CA77E27C384}.Release|iPhoneSimulator.ActiveCfg = Release|iPhoneSimulator
		{9374FE19-8949-4AC6-8880-5CA77E27C384}.Release|iPhoneSimulator.Build.0 = Release|iPhoneSimulator
		{9374FE19-8949-4AC6-8880-5CA77E27C384}.Release|x64.ActiveCfg = Release|iPhone
		{9374FE19-8949-4AC6-8880-5CA77E27C384}.Release|x86.ActiveCfg = Release|iPhone
		{27AE2B99-6DE5-4A27-A27F-5489931A1064}.Ad-Hoc|Any CPU.ActiveCfg = Debug|Any CPU
		{27AE2B99-6DE5-4A27-A27F-5489931A1064}.Ad-Hoc|Any CPU.Build.0 = Debug|Any CPU
		{27AE2B99-6DE5-4A27-A27F-5489931A1064}.Ad-Hoc|ARM.ActiveCfg = Debug|Any CPU
		{27AE2B99-6DE5-4A27-A27F-5489931A1064}.Ad-Hoc|ARM.Build.0 = Debug|Any CPU
		{27AE2B99-6DE5-4A27-A27F-5489931A1064}.Ad-Hoc|iPhone.ActiveCfg = Debug|Any CPU
		{27AE2B99-6DE5-4A27-A27F-5489931A1064}.Ad-Hoc|iPhone.Build.0 = Debug|Any CPU
		{27AE2B99-6DE5-4A27-A27F-5489931A1064}.Ad-Hoc|iPhoneSimulator.ActiveCfg = Debug|Any CPU
		{27AE2B99-6DE5-4A27-A27F-5489931A1064}.Ad-Hoc|iPhoneSimulator.Build.0 = Debug|Any CPU
		{27AE2B99-6DE5-4A27-A27F-5489931A1064}.Ad-Hoc|x64.ActiveCfg = Debug|Any CPU
		{27AE2B99-6DE5-4A27-A27F-5489931A1064}.Ad-Hoc|x64.Build.0 = Debug|Any CPU
		{27AE2B99-6DE5-4A27-A27F-5489931A1064}.Ad-Hoc|x86.ActiveCfg = Debug|Any CPU
		{27AE2B99-6DE5-4A27-A27F-5489931A1064}.Ad-Hoc|x86.Build.0 = Debug|Any CPU
		{27AE2B99-6DE5-4A27-A27F-5489931A1064}.AppStore|Any CPU.ActiveCfg = Debug|Any CPU
		{27AE2B99-6DE5-4A27-A27F-5489931A1064}.AppStore|Any CPU.Build.0 = Debug|Any CPU
		{27AE2B99-6DE5-4A27-A27F-5489931A1064}.AppStore|ARM.ActiveCfg = Debug|Any CPU
		{27AE2B99-6DE5-4A27-A27F-5489931A1064}.AppStore|ARM.Build.0 = Debug|Any CPU
		{27AE2B99-6DE5-4A27-A27F-5489931A1064}.AppStore|iPhone.ActiveCfg = Debug|Any CPU
		{27AE2B99-6DE5-4A27-A27F-5489931A1064}.AppStore|iPhone.Build.0 = Debug|Any CPU
		{27AE2B99-6DE5-4A27-A27F-5489931A1064}.AppStore|iPhoneSimulator.ActiveCfg = Debug|Any CPU
		{27AE2B99-6DE5-4A27-A27F-5489931A1064}.AppStore|iPhoneSimulator.Build.0 = Debug|Any CPU
		{27AE2B99-6DE5-4A27-A27F-5489931A1064}.AppStore|x64.ActiveCfg = Debug|Any CPU
		{27AE2B99-6DE5-4A27-A27F-5489931A1064}.AppStore|x64.Build.0 = Debug|Any CPU
		{27AE2B99-6DE5-4A27-A27F-5489931A1064}.AppStore|x86.ActiveCfg = Debug|Any CPU
		{27AE2B99-6DE5-4A27-A27F-5489931A1064}.AppStore|x86.Build.0 = Debug|Any CPU
		{27AE2B99-6DE5-4A27-A27F-5489931A1064}.Debug|Any CPU.ActiveCfg = Debug|Any CPU
		{27AE2B99-6DE5-4A27-A27F-5489931A1064}.Debug|Any CPU.Build.0 = Debug|Any CPU
		{27AE2B99-6DE5-4A27-A27F-5489931A1064}.Debug|ARM.ActiveCfg = Debug|Any CPU
		{27AE2B99-6DE5-4A27-A27F-5489931A1064}.Debug|ARM.Build.0 = Debug|Any CPU
		{27AE2B99-6DE5-4A27-A27F-5489931A1064}.Debug|iPhone.ActiveCfg = Debug|Any CPU
		{27AE2B99-6DE5-4A27-A27F-5489931A1064}.Debug|iPhone.Build.0 = Debug|Any CPU
		{27AE2B99-6DE5-4A27-A27F-5489931A1064}.Debug|iPhoneSimulator.ActiveCfg = Debug|Any CPU
		{27AE2B99-6DE5-4A27-A27F-5489931A1064}.Debug|iPhoneSimulator.Build.0 = Debug|Any CPU
		{27AE2B99-6DE5-4A27-A27F-5489931A1064}.Debug|x64.ActiveCfg = Debug|Any CPU
		{27AE2B99-6DE5-4A27-A27F-5489931A1064}.Debug|x64.Build.0 = Debug|Any CPU
		{27AE2B99-6DE5-4A27-A27F-5489931A1064}.Debug|x86.ActiveCfg = Debug|Any CPU
		{27AE2B99-6DE5-4A27-A27F-5489931A1064}.Debug|x86.Build.0 = Debug|Any CPU
		{27AE2B99-6DE5-4A27-A27F-5489931A1064}.Release|Any CPU.ActiveCfg = Release|Any CPU
		{27AE2B99-6DE5-4A27-A27F-5489931A1064}.Release|Any CPU.Build.0 = Release|Any CPU
		{27AE2B99-6DE5-4A27-A27F-5489931A1064}.Release|ARM.ActiveCfg = Release|Any CPU
		{27AE2B99-6DE5-4A27-A27F-5489931A1064}.Release|ARM.Build.0 = Release|Any CPU
		{27AE2B99-6DE5-4A27-A27F-5489931A1064}.Release|iPhone.ActiveCfg = Release|Any CPU
		{27AE2B99-6DE5-4A27-A27F-5489931A1064}.Release|iPhone.Build.0 = Release|Any CPU
		{27AE2B99-6DE5-4A27-A27F-5489931A1064}.Release|iPhoneSimulator.ActiveCfg = Release|Any CPU
		{27AE2B99-6DE5-4A27-A27F-5489931A1064}.Release|iPhoneSimulator.Build.0 = Release|Any CPU
		{27AE2B99-6DE5-4A27-A27F-5489931A1064}.Release|x64.ActiveCfg = Release|Any CPU
		{27AE2B99-6DE5-4A27-A27F-5489931A1064}.Release|x64.Build.0 = Release|Any CPU
		{27AE2B99-6DE5-4A27-A27F-5489931A1064}.Release|x86.ActiveCfg = Release|Any CPU
		{27AE2B99-6DE5-4A27-A27F-5489931A1064}.Release|x86.Build.0 = Release|Any CPU
		{B30CF142-686A-4E4A-A0C2-B6706ADA96CE}.Ad-Hoc|Any CPU.ActiveCfg = Release|x86
		{B30CF142-686A-4E4A-A0C2-B6706ADA96CE}.Ad-Hoc|Any CPU.Build.0 = Release|x86
		{B30CF142-686A-4E4A-A0C2-B6706ADA96CE}.Ad-Hoc|Any CPU.Deploy.0 = Release|x86
		{B30CF142-686A-4E4A-A0C2-B6706ADA96CE}.Ad-Hoc|ARM.ActiveCfg = Release|ARM
		{B30CF142-686A-4E4A-A0C2-B6706ADA96CE}.Ad-Hoc|ARM.Build.0 = Release|ARM
		{B30CF142-686A-4E4A-A0C2-B6706ADA96CE}.Ad-Hoc|ARM.Deploy.0 = Release|ARM
		{B30CF142-686A-4E4A-A0C2-B6706ADA96CE}.Ad-Hoc|iPhone.ActiveCfg = Release|x86
		{B30CF142-686A-4E4A-A0C2-B6706ADA96CE}.Ad-Hoc|iPhone.Build.0 = Release|x86
		{B30CF142-686A-4E4A-A0C2-B6706ADA96CE}.Ad-Hoc|iPhone.Deploy.0 = Release|x86
		{B30CF142-686A-4E4A-A0C2-B6706ADA96CE}.Ad-Hoc|iPhoneSimulator.ActiveCfg = Release|x86
		{B30CF142-686A-4E4A-A0C2-B6706ADA96CE}.Ad-Hoc|iPhoneSimulator.Build.0 = Release|x86
		{B30CF142-686A-4E4A-A0C2-B6706ADA96CE}.Ad-Hoc|iPhoneSimulator.Deploy.0 = Release|x86
		{B30CF142-686A-4E4A-A0C2-B6706ADA96CE}.Ad-Hoc|x64.ActiveCfg = Release|x64
		{B30CF142-686A-4E4A-A0C2-B6706ADA96CE}.Ad-Hoc|x64.Build.0 = Release|x64
		{B30CF142-686A-4E4A-A0C2-B6706ADA96CE}.Ad-Hoc|x64.Deploy.0 = Release|x64
		{B30CF142-686A-4E4A-A0C2-B6706ADA96CE}.Ad-Hoc|x86.ActiveCfg = Release|x86
		{B30CF142-686A-4E4A-A0C2-B6706ADA96CE}.Ad-Hoc|x86.Build.0 = Release|x86
		{B30CF142-686A-4E4A-A0C2-B6706ADA96CE}.Ad-Hoc|x86.Deploy.0 = Release|x86
		{B30CF142-686A-4E4A-A0C2-B6706ADA96CE}.AppStore|Any CPU.ActiveCfg = Release|x86
		{B30CF142-686A-4E4A-A0C2-B6706ADA96CE}.AppStore|Any CPU.Build.0 = Release|x86
		{B30CF142-686A-4E4A-A0C2-B6706ADA96CE}.AppStore|Any CPU.Deploy.0 = Release|x86
		{B30CF142-686A-4E4A-A0C2-B6706ADA96CE}.AppStore|ARM.ActiveCfg = Release|ARM
		{B30CF142-686A-4E4A-A0C2-B6706ADA96CE}.AppStore|ARM.Build.0 = Release|ARM
		{B30CF142-686A-4E4A-A0C2-B6706ADA96CE}.AppStore|ARM.Deploy.0 = Release|ARM
		{B30CF142-686A-4E4A-A0C2-B6706ADA96CE}.AppStore|iPhone.ActiveCfg = Release|x86
		{B30CF142-686A-4E4A-A0C2-B6706ADA96CE}.AppStore|iPhone.Build.0 = Release|x86
		{B30CF142-686A-4E4A-A0C2-B6706ADA96CE}.AppStore|iPhone.Deploy.0 = Release|x86
		{B30CF142-686A-4E4A-A0C2-B6706ADA96CE}.AppStore|iPhoneSimulator.ActiveCfg = Release|x86
		{B30CF142-686A-4E4A-A0C2-B6706ADA96CE}.AppStore|iPhoneSimulator.Build.0 = Release|x86
		{B30CF142-686A-4E4A-A0C2-B6706ADA96CE}.AppStore|iPhoneSimulator.Deploy.0 = Release|x86
		{B30CF142-686A-4E4A-A0C2-B6706ADA96CE}.AppStore|x64.ActiveCfg = Release|x64
		{B30CF142-686A-4E4A-A0C2-B6706ADA96CE}.AppStore|x64.Build.0 = Release|x64
		{B30CF142-686A-4E4A-A0C2-B6706ADA96CE}.AppStore|x64.Deploy.0 = Release|x64
		{B30CF142-686A-4E4A-A0C2-B6706ADA96CE}.AppStore|x86.ActiveCfg = Release|x86
		{B30CF142-686A-4E4A-A0C2-B6706ADA96CE}.AppStore|x86.Build.0 = Release|x86
		{B30CF142-686A-4E4A-A0C2-B6706ADA96CE}.AppStore|x86.Deploy.0 = Release|x86
		{B30CF142-686A-4E4A-A0C2-B6706ADA96CE}.Debug|Any CPU.ActiveCfg = Debug|x86
		{B30CF142-686A-4E4A-A0C2-B6706ADA96CE}.Debug|ARM.ActiveCfg = Debug|ARM
		{B30CF142-686A-4E4A-A0C2-B6706ADA96CE}.Debug|ARM.Build.0 = Debug|ARM
		{B30CF142-686A-4E4A-A0C2-B6706ADA96CE}.Debug|ARM.Deploy.0 = Debug|ARM
		{B30CF142-686A-4E4A-A0C2-B6706ADA96CE}.Debug|iPhone.ActiveCfg = Debug|x86
		{B30CF142-686A-4E4A-A0C2-B6706ADA96CE}.Debug|iPhoneSimulator.ActiveCfg = Debug|x86
		{B30CF142-686A-4E4A-A0C2-B6706ADA96CE}.Debug|x64.ActiveCfg = Debug|x64
		{B30CF142-686A-4E4A-A0C2-B6706ADA96CE}.Debug|x64.Build.0 = Debug|x64
		{B30CF142-686A-4E4A-A0C2-B6706ADA96CE}.Debug|x64.Deploy.0 = Debug|x64
		{B30CF142-686A-4E4A-A0C2-B6706ADA96CE}.Debug|x86.ActiveCfg = Debug|x86
		{B30CF142-686A-4E4A-A0C2-B6706ADA96CE}.Debug|x86.Build.0 = Debug|x86
		{B30CF142-686A-4E4A-A0C2-B6706ADA96CE}.Debug|x86.Deploy.0 = Debug|x86
		{B30CF142-686A-4E4A-A0C2-B6706ADA96CE}.Release|Any CPU.ActiveCfg = Release|x86
		{B30CF142-686A-4E4A-A0C2-B6706ADA96CE}.Release|ARM.ActiveCfg = Release|ARM
		{B30CF142-686A-4E4A-A0C2-B6706ADA96CE}.Release|ARM.Build.0 = Release|ARM
		{B30CF142-686A-4E4A-A0C2-B6706ADA96CE}.Release|ARM.Deploy.0 = Release|ARM
		{B30CF142-686A-4E4A-A0C2-B6706ADA96CE}.Release|iPhone.ActiveCfg = Release|x86
		{B30CF142-686A-4E4A-A0C2-B6706ADA96CE}.Release|iPhoneSimulator.ActiveCfg = Release|x86
		{B30CF142-686A-4E4A-A0C2-B6706ADA96CE}.Release|x64.ActiveCfg = Release|x64
		{B30CF142-686A-4E4A-A0C2-B6706ADA96CE}.Release|x64.Build.0 = Release|x64
		{B30CF142-686A-4E4A-A0C2-B6706ADA96CE}.Release|x64.Deploy.0 = Release|x64
		{B30CF142-686A-4E4A-A0C2-B6706ADA96CE}.Release|x86.ActiveCfg = Release|x86
		{B30CF142-686A-4E4A-A0C2-B6706ADA96CE}.Release|x86.Build.0 = Release|x86
		{B30CF142-686A-4E4A-A0C2-B6706ADA96CE}.Release|x86.Deploy.0 = Release|x86
		{A89782B1-FD08-4203-9B3E-D1F79877F8B1}.Ad-Hoc|Any CPU.ActiveCfg = Debug|Any CPU
		{A89782B1-FD08-4203-9B3E-D1F79877F8B1}.Ad-Hoc|Any CPU.Build.0 = Debug|Any CPU
		{A89782B1-FD08-4203-9B3E-D1F79877F8B1}.Ad-Hoc|ARM.ActiveCfg = Debug|Any CPU
		{A89782B1-FD08-4203-9B3E-D1F79877F8B1}.Ad-Hoc|ARM.Build.0 = Debug|Any CPU
		{A89782B1-FD08-4203-9B3E-D1F79877F8B1}.Ad-Hoc|iPhone.ActiveCfg = Debug|Any CPU
		{A89782B1-FD08-4203-9B3E-D1F79877F8B1}.Ad-Hoc|iPhone.Build.0 = Debug|Any CPU
		{A89782B1-FD08-4203-9B3E-D1F79877F8B1}.Ad-Hoc|iPhoneSimulator.ActiveCfg = Debug|Any CPU
		{A89782B1-FD08-4203-9B3E-D1F79877F8B1}.Ad-Hoc|iPhoneSimulator.Build.0 = Debug|Any CPU
		{A89782B1-FD08-4203-9B3E-D1F79877F8B1}.Ad-Hoc|x64.ActiveCfg = Debug|Any CPU
		{A89782B1-FD08-4203-9B3E-D1F79877F8B1}.Ad-Hoc|x64.Build.0 = Debug|Any CPU
		{A89782B1-FD08-4203-9B3E-D1F79877F8B1}.Ad-Hoc|x86.ActiveCfg = Debug|Any CPU
		{A89782B1-FD08-4203-9B3E-D1F79877F8B1}.Ad-Hoc|x86.Build.0 = Debug|Any CPU
		{A89782B1-FD08-4203-9B3E-D1F79877F8B1}.AppStore|Any CPU.ActiveCfg = Debug|Any CPU
		{A89782B1-FD08-4203-9B3E-D1F79877F8B1}.AppStore|Any CPU.Build.0 = Debug|Any CPU
		{A89782B1-FD08-4203-9B3E-D1F79877F8B1}.AppStore|ARM.ActiveCfg = Debug|Any CPU
		{A89782B1-FD08-4203-9B3E-D1F79877F8B1}.AppStore|ARM.Build.0 = Debug|Any CPU
		{A89782B1-FD08-4203-9B3E-D1F79877F8B1}.AppStore|iPhone.ActiveCfg = Debug|Any CPU
		{A89782B1-FD08-4203-9B3E-D1F79877F8B1}.AppStore|iPhone.Build.0 = Debug|Any CPU
		{A89782B1-FD08-4203-9B3E-D1F79877F8B1}.AppStore|iPhoneSimulator.ActiveCfg = Debug|Any CPU
		{A89782B1-FD08-4203-9B3E-D1F79877F8B1}.AppStore|iPhoneSimulator.Build.0 = Debug|Any CPU
		{A89782B1-FD08-4203-9B3E-D1F79877F8B1}.AppStore|x64.ActiveCfg = Debug|Any CPU
		{A89782B1-FD08-4203-9B3E-D1F79877F8B1}.AppStore|x64.Build.0 = Debug|Any CPU
		{A89782B1-FD08-4203-9B3E-D1F79877F8B1}.AppStore|x86.ActiveCfg = Debug|Any CPU
		{A89782B1-FD08-4203-9B3E-D1F79877F8B1}.AppStore|x86.Build.0 = Debug|Any CPU
		{A89782B1-FD08-4203-9B3E-D1F79877F8B1}.Debug|Any CPU.ActiveCfg = Debug|Any CPU
		{A89782B1-FD08-4203-9B3E-D1F79877F8B1}.Debug|Any CPU.Build.0 = Debug|Any CPU
		{A89782B1-FD08-4203-9B3E-D1F79877F8B1}.Debug|ARM.ActiveCfg = Debug|Any CPU
		{A89782B1-FD08-4203-9B3E-D1F79877F8B1}.Debug|ARM.Build.0 = Debug|Any CPU
		{A89782B1-FD08-4203-9B3E-D1F79877F8B1}.Debug|iPhone.ActiveCfg = Debug|Any CPU
		{A89782B1-FD08-4203-9B3E-D1F79877F8B1}.Debug|iPhone.Build.0 = Debug|Any CPU
		{A89782B1-FD08-4203-9B3E-D1F79877F8B1}.Debug|iPhoneSimulator.ActiveCfg = Debug|Any CPU
		{A89782B1-FD08-4203-9B3E-D1F79877F8B1}.Debug|iPhoneSimulator.Build.0 = Debug|Any CPU
		{A89782B1-FD08-4203-9B3E-D1F79877F8B1}.Debug|x64.ActiveCfg = Debug|Any CPU
		{A89782B1-FD08-4203-9B3E-D1F79877F8B1}.Debug|x64.Build.0 = Debug|Any CPU
		{A89782B1-FD08-4203-9B3E-D1F79877F8B1}.Debug|x86.ActiveCfg = Debug|Any CPU
		{A89782B1-FD08-4203-9B3E-D1F79877F8B1}.Debug|x86.Build.0 = Debug|Any CPU
		{A89782B1-FD08-4203-9B3E-D1F79877F8B1}.Release|Any CPU.ActiveCfg = Release|Any CPU
		{A89782B1-FD08-4203-9B3E-D1F79877F8B1}.Release|Any CPU.Build.0 = Release|Any CPU
		{A89782B1-FD08-4203-9B3E-D1F79877F8B1}.Release|ARM.ActiveCfg = Release|Any CPU
		{A89782B1-FD08-4203-9B3E-D1F79877F8B1}.Release|ARM.Build.0 = Release|Any CPU
		{A89782B1-FD08-4203-9B3E-D1F79877F8B1}.Release|iPhone.ActiveCfg = Release|Any CPU
		{A89782B1-FD08-4203-9B3E-D1F79877F8B1}.Release|iPhone.Build.0 = Release|Any CPU
		{A89782B1-FD08-4203-9B3E-D1F79877F8B1}.Release|iPhoneSimulator.ActiveCfg = Release|Any CPU
		{A89782B1-FD08-4203-9B3E-D1F79877F8B1}.Release|iPhoneSimulator.Build.0 = Release|Any CPU
		{A89782B1-FD08-4203-9B3E-D1F79877F8B1}.Release|x64.ActiveCfg = Release|Any CPU
		{A89782B1-FD08-4203-9B3E-D1F79877F8B1}.Release|x64.Build.0 = Release|Any CPU
		{A89782B1-FD08-4203-9B3E-D1F79877F8B1}.Release|x86.ActiveCfg = Release|Any CPU
		{A89782B1-FD08-4203-9B3E-D1F79877F8B1}.Release|x86.Build.0 = Release|Any CPU
		{A3AE4789-E986-40AA-8803-AF1B5817B90B}.Ad-Hoc|Any CPU.ActiveCfg = Debug|Any CPU
		{A3AE4789-E986-40AA-8803-AF1B5817B90B}.Ad-Hoc|Any CPU.Build.0 = Debug|Any CPU
		{A3AE4789-E986-40AA-8803-AF1B5817B90B}.Ad-Hoc|ARM.ActiveCfg = Debug|Any CPU
		{A3AE4789-E986-40AA-8803-AF1B5817B90B}.Ad-Hoc|ARM.Build.0 = Debug|Any CPU
		{A3AE4789-E986-40AA-8803-AF1B5817B90B}.Ad-Hoc|iPhone.ActiveCfg = Debug|Any CPU
		{A3AE4789-E986-40AA-8803-AF1B5817B90B}.Ad-Hoc|iPhone.Build.0 = Debug|Any CPU
		{A3AE4789-E986-40AA-8803-AF1B5817B90B}.Ad-Hoc|iPhoneSimulator.ActiveCfg = Debug|Any CPU
		{A3AE4789-E986-40AA-8803-AF1B5817B90B}.Ad-Hoc|iPhoneSimulator.Build.0 = Debug|Any CPU
		{A3AE4789-E986-40AA-8803-AF1B5817B90B}.Ad-Hoc|x64.ActiveCfg = Debug|Any CPU
		{A3AE4789-E986-40AA-8803-AF1B5817B90B}.Ad-Hoc|x64.Build.0 = Debug|Any CPU
		{A3AE4789-E986-40AA-8803-AF1B5817B90B}.Ad-Hoc|x86.ActiveCfg = Debug|Any CPU
		{A3AE4789-E986-40AA-8803-AF1B5817B90B}.Ad-Hoc|x86.Build.0 = Debug|Any CPU
		{A3AE4789-E986-40AA-8803-AF1B5817B90B}.AppStore|Any CPU.ActiveCfg = Debug|Any CPU
		{A3AE4789-E986-40AA-8803-AF1B5817B90B}.AppStore|Any CPU.Build.0 = Debug|Any CPU
		{A3AE4789-E986-40AA-8803-AF1B5817B90B}.AppStore|ARM.ActiveCfg = Debug|Any CPU
		{A3AE4789-E986-40AA-8803-AF1B5817B90B}.AppStore|ARM.Build.0 = Debug|Any CPU
		{A3AE4789-E986-40AA-8803-AF1B5817B90B}.AppStore|iPhone.ActiveCfg = Debug|Any CPU
		{A3AE4789-E986-40AA-8803-AF1B5817B90B}.AppStore|iPhone.Build.0 = Debug|Any CPU
		{A3AE4789-E986-40AA-8803-AF1B5817B90B}.AppStore|iPhoneSimulator.ActiveCfg = Debug|Any CPU
		{A3AE4789-E986-40AA-8803-AF1B5817B90B}.AppStore|iPhoneSimulator.Build.0 = Debug|Any CPU
		{A3AE4789-E986-40AA-8803-AF1B5817B90B}.AppStore|x64.ActiveCfg = Debug|Any CPU
		{A3AE4789-E986-40AA-8803-AF1B5817B90B}.AppStore|x64.Build.0 = Debug|Any CPU
		{A3AE4789-E986-40AA-8803-AF1B5817B90B}.AppStore|x86.ActiveCfg = Debug|Any CPU
		{A3AE4789-E986-40AA-8803-AF1B5817B90B}.AppStore|x86.Build.0 = Debug|Any CPU
		{A3AE4789-E986-40AA-8803-AF1B5817B90B}.Debug|Any CPU.ActiveCfg = Debug|Any CPU
		{A3AE4789-E986-40AA-8803-AF1B5817B90B}.Debug|Any CPU.Build.0 = Debug|Any CPU
		{A3AE4789-E986-40AA-8803-AF1B5817B90B}.Debug|ARM.ActiveCfg = Debug|Any CPU
		{A3AE4789-E986-40AA-8803-AF1B5817B90B}.Debug|ARM.Build.0 = Debug|Any CPU
		{A3AE4789-E986-40AA-8803-AF1B5817B90B}.Debug|iPhone.ActiveCfg = Debug|Any CPU
		{A3AE4789-E986-40AA-8803-AF1B5817B90B}.Debug|iPhone.Build.0 = Debug|Any CPU
		{A3AE4789-E986-40AA-8803-AF1B5817B90B}.Debug|iPhoneSimulator.ActiveCfg = Debug|Any CPU
		{A3AE4789-E986-40AA-8803-AF1B5817B90B}.Debug|iPhoneSimulator.Build.0 = Debug|Any CPU
		{A3AE4789-E986-40AA-8803-AF1B5817B90B}.Debug|x64.ActiveCfg = Debug|Any CPU
		{A3AE4789-E986-40AA-8803-AF1B5817B90B}.Debug|x64.Build.0 = Debug|Any CPU
		{A3AE4789-E986-40AA-8803-AF1B5817B90B}.Debug|x86.ActiveCfg = Debug|Any CPU
		{A3AE4789-E986-40AA-8803-AF1B5817B90B}.Debug|x86.Build.0 = Debug|Any CPU
		{A3AE4789-E986-40AA-8803-AF1B5817B90B}.Release|Any CPU.ActiveCfg = Release|Any CPU
		{A3AE4789-E986-40AA-8803-AF1B5817B90B}.Release|Any CPU.Build.0 = Release|Any CPU
		{A3AE4789-E986-40AA-8803-AF1B5817B90B}.Release|ARM.ActiveCfg = Release|Any CPU
		{A3AE4789-E986-40AA-8803-AF1B5817B90B}.Release|ARM.Build.0 = Release|Any CPU
		{A3AE4789-E986-40AA-8803-AF1B5817B90B}.Release|iPhone.ActiveCfg = Release|Any CPU
		{A3AE4789-E986-40AA-8803-AF1B5817B90B}.Release|iPhone.Build.0 = Release|Any CPU
		{A3AE4789-E986-40AA-8803-AF1B5817B90B}.Release|iPhoneSimulator.ActiveCfg = Release|Any CPU
		{A3AE4789-E986-40AA-8803-AF1B5817B90B}.Release|iPhoneSimulator.Build.0 = Release|Any CPU
		{A3AE4789-E986-40AA-8803-AF1B5817B90B}.Release|x64.ActiveCfg = Release|Any CPU
		{A3AE4789-E986-40AA-8803-AF1B5817B90B}.Release|x64.Build.0 = Release|Any CPU
		{A3AE4789-E986-40AA-8803-AF1B5817B90B}.Release|x86.ActiveCfg = Release|Any CPU
		{A3AE4789-E986-40AA-8803-AF1B5817B90B}.Release|x86.Build.0 = Release|Any CPU
		{14FA9A56-3465-4F68-BC79-113D7CB8CA74}.Ad-Hoc|Any CPU.ActiveCfg = Debug|Any CPU
		{14FA9A56-3465-4F68-BC79-113D7CB8CA74}.Ad-Hoc|Any CPU.Build.0 = Debug|Any CPU
		{14FA9A56-3465-4F68-BC79-113D7CB8CA74}.Ad-Hoc|ARM.ActiveCfg = Debug|Any CPU
		{14FA9A56-3465-4F68-BC79-113D7CB8CA74}.Ad-Hoc|ARM.Build.0 = Debug|Any CPU
		{14FA9A56-3465-4F68-BC79-113D7CB8CA74}.Ad-Hoc|iPhone.ActiveCfg = Debug|Any CPU
		{14FA9A56-3465-4F68-BC79-113D7CB8CA74}.Ad-Hoc|iPhone.Build.0 = Debug|Any CPU
		{14FA9A56-3465-4F68-BC79-113D7CB8CA74}.Ad-Hoc|iPhoneSimulator.ActiveCfg = Debug|Any CPU
		{14FA9A56-3465-4F68-BC79-113D7CB8CA74}.Ad-Hoc|iPhoneSimulator.Build.0 = Debug|Any CPU
		{14FA9A56-3465-4F68-BC79-113D7CB8CA74}.Ad-Hoc|x64.ActiveCfg = Debug|Any CPU
		{14FA9A56-3465-4F68-BC79-113D7CB8CA74}.Ad-Hoc|x64.Build.0 = Debug|Any CPU
		{14FA9A56-3465-4F68-BC79-113D7CB8CA74}.Ad-Hoc|x86.ActiveCfg = Debug|Any CPU
		{14FA9A56-3465-4F68-BC79-113D7CB8CA74}.Ad-Hoc|x86.Build.0 = Debug|Any CPU
		{14FA9A56-3465-4F68-BC79-113D7CB8CA74}.AppStore|Any CPU.ActiveCfg = Debug|Any CPU
		{14FA9A56-3465-4F68-BC79-113D7CB8CA74}.AppStore|Any CPU.Build.0 = Debug|Any CPU
		{14FA9A56-3465-4F68-BC79-113D7CB8CA74}.AppStore|ARM.ActiveCfg = Debug|Any CPU
		{14FA9A56-3465-4F68-BC79-113D7CB8CA74}.AppStore|ARM.Build.0 = Debug|Any CPU
		{14FA9A56-3465-4F68-BC79-113D7CB8CA74}.AppStore|iPhone.ActiveCfg = Debug|Any CPU
		{14FA9A56-3465-4F68-BC79-113D7CB8CA74}.AppStore|iPhone.Build.0 = Debug|Any CPU
		{14FA9A56-3465-4F68-BC79-113D7CB8CA74}.AppStore|iPhoneSimulator.ActiveCfg = Debug|Any CPU
		{14FA9A56-3465-4F68-BC79-113D7CB8CA74}.AppStore|iPhoneSimulator.Build.0 = Debug|Any CPU
		{14FA9A56-3465-4F68-BC79-113D7CB8CA74}.AppStore|x64.ActiveCfg = Debug|Any CPU
		{14FA9A56-3465-4F68-BC79-113D7CB8CA74}.AppStore|x64.Build.0 = Debug|Any CPU
		{14FA9A56-3465-4F68-BC79-113D7CB8CA74}.AppStore|x86.ActiveCfg = Debug|Any CPU
		{14FA9A56-3465-4F68-BC79-113D7CB8CA74}.AppStore|x86.Build.0 = Debug|Any CPU
		{14FA9A56-3465-4F68-BC79-113D7CB8CA74}.Debug|Any CPU.ActiveCfg = Debug|Any CPU
		{14FA9A56-3465-4F68-BC79-113D7CB8CA74}.Debug|Any CPU.Build.0 = Debug|Any CPU
		{14FA9A56-3465-4F68-BC79-113D7CB8CA74}.Debug|ARM.ActiveCfg = Debug|Any CPU
		{14FA9A56-3465-4F68-BC79-113D7CB8CA74}.Debug|ARM.Build.0 = Debug|Any CPU
		{14FA9A56-3465-4F68-BC79-113D7CB8CA74}.Debug|iPhone.ActiveCfg = Debug|Any CPU
		{14FA9A56-3465-4F68-BC79-113D7CB8CA74}.Debug|iPhone.Build.0 = Debug|Any CPU
		{14FA9A56-3465-4F68-BC79-113D7CB8CA74}.Debug|iPhoneSimulator.ActiveCfg = Debug|Any CPU
		{14FA9A56-3465-4F68-BC79-113D7CB8CA74}.Debug|iPhoneSimulator.Build.0 = Debug|Any CPU
		{14FA9A56-3465-4F68-BC79-113D7CB8CA74}.Debug|x64.ActiveCfg = Debug|Any CPU
		{14FA9A56-3465-4F68-BC79-113D7CB8CA74}.Debug|x64.Build.0 = Debug|Any CPU
		{14FA9A56-3465-4F68-BC79-113D7CB8CA74}.Debug|x86.ActiveCfg = Debug|Any CPU
		{14FA9A56-3465-4F68-BC79-113D7CB8CA74}.Debug|x86.Build.0 = Debug|Any CPU
		{14FA9A56-3465-4F68-BC79-113D7CB8CA74}.Release|Any CPU.ActiveCfg = Release|Any CPU
		{14FA9A56-3465-4F68-BC79-113D7CB8CA74}.Release|Any CPU.Build.0 = Release|Any CPU
		{14FA9A56-3465-4F68-BC79-113D7CB8CA74}.Release|ARM.ActiveCfg = Release|Any CPU
		{14FA9A56-3465-4F68-BC79-113D7CB8CA74}.Release|ARM.Build.0 = Release|Any CPU
		{14FA9A56-3465-4F68-BC79-113D7CB8CA74}.Release|iPhone.ActiveCfg = Release|Any CPU
		{14FA9A56-3465-4F68-BC79-113D7CB8CA74}.Release|iPhone.Build.0 = Release|Any CPU
		{14FA9A56-3465-4F68-BC79-113D7CB8CA74}.Release|iPhoneSimulator.ActiveCfg = Release|Any CPU
		{14FA9A56-3465-4F68-BC79-113D7CB8CA74}.Release|iPhoneSimulator.Build.0 = Release|Any CPU
		{14FA9A56-3465-4F68-BC79-113D7CB8CA74}.Release|x64.ActiveCfg = Release|Any CPU
		{14FA9A56-3465-4F68-BC79-113D7CB8CA74}.Release|x64.Build.0 = Release|Any CPU
		{14FA9A56-3465-4F68-BC79-113D7CB8CA74}.Release|x86.ActiveCfg = Release|Any CPU
		{14FA9A56-3465-4F68-BC79-113D7CB8CA74}.Release|x86.Build.0 = Release|Any CPU
		{F211429F-C4D5-4D79-9970-CDAEFFDD96EC}.Ad-Hoc|Any CPU.ActiveCfg = Debug|Any CPU
		{F211429F-C4D5-4D79-9970-CDAEFFDD96EC}.Ad-Hoc|Any CPU.Build.0 = Debug|Any CPU
		{F211429F-C4D5-4D79-9970-CDAEFFDD96EC}.Ad-Hoc|ARM.ActiveCfg = Debug|Any CPU
		{F211429F-C4D5-4D79-9970-CDAEFFDD96EC}.Ad-Hoc|ARM.Build.0 = Debug|Any CPU
		{F211429F-C4D5-4D79-9970-CDAEFFDD96EC}.Ad-Hoc|iPhone.ActiveCfg = Debug|Any CPU
		{F211429F-C4D5-4D79-9970-CDAEFFDD96EC}.Ad-Hoc|iPhone.Build.0 = Debug|Any CPU
		{F211429F-C4D5-4D79-9970-CDAEFFDD96EC}.Ad-Hoc|iPhoneSimulator.ActiveCfg = Debug|Any CPU
		{F211429F-C4D5-4D79-9970-CDAEFFDD96EC}.Ad-Hoc|iPhoneSimulator.Build.0 = Debug|Any CPU
		{F211429F-C4D5-4D79-9970-CDAEFFDD96EC}.Ad-Hoc|x64.ActiveCfg = Debug|Any CPU
		{F211429F-C4D5-4D79-9970-CDAEFFDD96EC}.Ad-Hoc|x64.Build.0 = Debug|Any CPU
		{F211429F-C4D5-4D79-9970-CDAEFFDD96EC}.Ad-Hoc|x86.ActiveCfg = Debug|Any CPU
		{F211429F-C4D5-4D79-9970-CDAEFFDD96EC}.Ad-Hoc|x86.Build.0 = Debug|Any CPU
		{F211429F-C4D5-4D79-9970-CDAEFFDD96EC}.AppStore|Any CPU.ActiveCfg = Debug|Any CPU
		{F211429F-C4D5-4D79-9970-CDAEFFDD96EC}.AppStore|Any CPU.Build.0 = Debug|Any CPU
		{F211429F-C4D5-4D79-9970-CDAEFFDD96EC}.AppStore|ARM.ActiveCfg = Debug|Any CPU
		{F211429F-C4D5-4D79-9970-CDAEFFDD96EC}.AppStore|ARM.Build.0 = Debug|Any CPU
		{F211429F-C4D5-4D79-9970-CDAEFFDD96EC}.AppStore|iPhone.ActiveCfg = Debug|Any CPU
		{F211429F-C4D5-4D79-9970-CDAEFFDD96EC}.AppStore|iPhone.Build.0 = Debug|Any CPU
		{F211429F-C4D5-4D79-9970-CDAEFFDD96EC}.AppStore|iPhoneSimulator.ActiveCfg = Debug|Any CPU
		{F211429F-C4D5-4D79-9970-CDAEFFDD96EC}.AppStore|iPhoneSimulator.Build.0 = Debug|Any CPU
		{F211429F-C4D5-4D79-9970-CDAEFFDD96EC}.AppStore|x64.ActiveCfg = Debug|Any CPU
		{F211429F-C4D5-4D79-9970-CDAEFFDD96EC}.AppStore|x64.Build.0 = Debug|Any CPU
		{F211429F-C4D5-4D79-9970-CDAEFFDD96EC}.AppStore|x86.ActiveCfg = Debug|Any CPU
		{F211429F-C4D5-4D79-9970-CDAEFFDD96EC}.AppStore|x86.Build.0 = Debug|Any CPU
		{F211429F-C4D5-4D79-9970-CDAEFFDD96EC}.Debug|Any CPU.ActiveCfg = Debug|Any CPU
		{F211429F-C4D5-4D79-9970-CDAEFFDD96EC}.Debug|Any CPU.Build.0 = Debug|Any CPU
		{F211429F-C4D5-4D79-9970-CDAEFFDD96EC}.Debug|ARM.ActiveCfg = Debug|Any CPU
		{F211429F-C4D5-4D79-9970-CDAEFFDD96EC}.Debug|ARM.Build.0 = Debug|Any CPU
		{F211429F-C4D5-4D79-9970-CDAEFFDD96EC}.Debug|iPhone.ActiveCfg = Debug|Any CPU
		{F211429F-C4D5-4D79-9970-CDAEFFDD96EC}.Debug|iPhone.Build.0 = Debug|Any CPU
		{F211429F-C4D5-4D79-9970-CDAEFFDD96EC}.Debug|iPhoneSimulator.ActiveCfg = Debug|Any CPU
		{F211429F-C4D5-4D79-9970-CDAEFFDD96EC}.Debug|iPhoneSimulator.Build.0 = Debug|Any CPU
		{F211429F-C4D5-4D79-9970-CDAEFFDD96EC}.Debug|x64.ActiveCfg = Debug|Any CPU
		{F211429F-C4D5-4D79-9970-CDAEFFDD96EC}.Debug|x64.Build.0 = Debug|Any CPU
		{F211429F-C4D5-4D79-9970-CDAEFFDD96EC}.Debug|x86.ActiveCfg = Debug|Any CPU
		{F211429F-C4D5-4D79-9970-CDAEFFDD96EC}.Debug|x86.Build.0 = Debug|Any CPU
		{F211429F-C4D5-4D79-9970-CDAEFFDD96EC}.Release|Any CPU.ActiveCfg = Release|Any CPU
		{F211429F-C4D5-4D79-9970-CDAEFFDD96EC}.Release|Any CPU.Build.0 = Release|Any CPU
		{F211429F-C4D5-4D79-9970-CDAEFFDD96EC}.Release|ARM.ActiveCfg = Release|Any CPU
		{F211429F-C4D5-4D79-9970-CDAEFFDD96EC}.Release|ARM.Build.0 = Release|Any CPU
		{F211429F-C4D5-4D79-9970-CDAEFFDD96EC}.Release|iPhone.ActiveCfg = Release|Any CPU
		{F211429F-C4D5-4D79-9970-CDAEFFDD96EC}.Release|iPhone.Build.0 = Release|Any CPU
		{F211429F-C4D5-4D79-9970-CDAEFFDD96EC}.Release|iPhoneSimulator.ActiveCfg = Release|Any CPU
		{F211429F-C4D5-4D79-9970-CDAEFFDD96EC}.Release|iPhoneSimulator.Build.0 = Release|Any CPU
		{F211429F-C4D5-4D79-9970-CDAEFFDD96EC}.Release|x64.ActiveCfg = Release|Any CPU
		{F211429F-C4D5-4D79-9970-CDAEFFDD96EC}.Release|x64.Build.0 = Release|Any CPU
		{F211429F-C4D5-4D79-9970-CDAEFFDD96EC}.Release|x86.ActiveCfg = Release|Any CPU
		{F211429F-C4D5-4D79-9970-CDAEFFDD96EC}.Release|x86.Build.0 = Release|Any CPU
		{A5AEB7B5-85E8-4566-B1B4-3448A5AFDE45}.Ad-Hoc|Any CPU.ActiveCfg = Release|Any CPU
		{A5AEB7B5-85E8-4566-B1B4-3448A5AFDE45}.Ad-Hoc|Any CPU.Build.0 = Release|Any CPU
		{A5AEB7B5-85E8-4566-B1B4-3448A5AFDE45}.Ad-Hoc|ARM.ActiveCfg = Release|Any CPU
		{A5AEB7B5-85E8-4566-B1B4-3448A5AFDE45}.Ad-Hoc|ARM.Build.0 = Release|Any CPU
		{A5AEB7B5-85E8-4566-B1B4-3448A5AFDE45}.Ad-Hoc|iPhone.ActiveCfg = Release|Any CPU
		{A5AEB7B5-85E8-4566-B1B4-3448A5AFDE45}.Ad-Hoc|iPhone.Build.0 = Release|Any CPU
		{A5AEB7B5-85E8-4566-B1B4-3448A5AFDE45}.Ad-Hoc|iPhoneSimulator.ActiveCfg = Release|Any CPU
		{A5AEB7B5-85E8-4566-B1B4-3448A5AFDE45}.Ad-Hoc|iPhoneSimulator.Build.0 = Release|Any CPU
		{A5AEB7B5-85E8-4566-B1B4-3448A5AFDE45}.Ad-Hoc|x64.ActiveCfg = Release|Any CPU
		{A5AEB7B5-85E8-4566-B1B4-3448A5AFDE45}.Ad-Hoc|x64.Build.0 = Release|Any CPU
		{A5AEB7B5-85E8-4566-B1B4-3448A5AFDE45}.Ad-Hoc|x86.ActiveCfg = Release|Any CPU
		{A5AEB7B5-85E8-4566-B1B4-3448A5AFDE45}.Ad-Hoc|x86.Build.0 = Release|Any CPU
		{A5AEB7B5-85E8-4566-B1B4-3448A5AFDE45}.AppStore|Any CPU.ActiveCfg = Release|Any CPU
		{A5AEB7B5-85E8-4566-B1B4-3448A5AFDE45}.AppStore|Any CPU.Build.0 = Release|Any CPU
		{A5AEB7B5-85E8-4566-B1B4-3448A5AFDE45}.AppStore|ARM.ActiveCfg = Release|Any CPU
		{A5AEB7B5-85E8-4566-B1B4-3448A5AFDE45}.AppStore|ARM.Build.0 = Release|Any CPU
		{A5AEB7B5-85E8-4566-B1B4-3448A5AFDE45}.AppStore|iPhone.ActiveCfg = Release|Any CPU
		{A5AEB7B5-85E8-4566-B1B4-3448A5AFDE45}.AppStore|iPhone.Build.0 = Release|Any CPU
		{A5AEB7B5-85E8-4566-B1B4-3448A5AFDE45}.AppStore|iPhoneSimulator.ActiveCfg = Release|Any CPU
		{A5AEB7B5-85E8-4566-B1B4-3448A5AFDE45}.AppStore|iPhoneSimulator.Build.0 = Release|Any CPU
		{A5AEB7B5-85E8-4566-B1B4-3448A5AFDE45}.AppStore|x64.ActiveCfg = Release|Any CPU
		{A5AEB7B5-85E8-4566-B1B4-3448A5AFDE45}.AppStore|x64.Build.0 = Release|Any CPU
		{A5AEB7B5-85E8-4566-B1B4-3448A5AFDE45}.AppStore|x86.ActiveCfg = Release|Any CPU
		{A5AEB7B5-85E8-4566-B1B4-3448A5AFDE45}.AppStore|x86.Build.0 = Release|Any CPU
		{A5AEB7B5-85E8-4566-B1B4-3448A5AFDE45}.Debug|Any CPU.ActiveCfg = Debug|Any CPU
		{A5AEB7B5-85E8-4566-B1B4-3448A5AFDE45}.Debug|Any CPU.Build.0 = Debug|Any CPU
		{A5AEB7B5-85E8-4566-B1B4-3448A5AFDE45}.Debug|ARM.ActiveCfg = Debug|Any CPU
		{A5AEB7B5-85E8-4566-B1B4-3448A5AFDE45}.Debug|ARM.Build.0 = Debug|Any CPU
		{A5AEB7B5-85E8-4566-B1B4-3448A5AFDE45}.Debug|iPhone.ActiveCfg = Debug|Any CPU
		{A5AEB7B5-85E8-4566-B1B4-3448A5AFDE45}.Debug|iPhone.Build.0 = Debug|Any CPU
		{A5AEB7B5-85E8-4566-B1B4-3448A5AFDE45}.Debug|iPhoneSimulator.ActiveCfg = Debug|Any CPU
		{A5AEB7B5-85E8-4566-B1B4-3448A5AFDE45}.Debug|iPhoneSimulator.Build.0 = Debug|Any CPU
		{A5AEB7B5-85E8-4566-B1B4-3448A5AFDE45}.Debug|x64.ActiveCfg = Debug|Any CPU
		{A5AEB7B5-85E8-4566-B1B4-3448A5AFDE45}.Debug|x64.Build.0 = Debug|Any CPU
		{A5AEB7B5-85E8-4566-B1B4-3448A5AFDE45}.Debug|x86.ActiveCfg = Debug|Any CPU
		{A5AEB7B5-85E8-4566-B1B4-3448A5AFDE45}.Debug|x86.Build.0 = Debug|Any CPU
		{A5AEB7B5-85E8-4566-B1B4-3448A5AFDE45}.Release|Any CPU.ActiveCfg = Release|Any CPU
		{A5AEB7B5-85E8-4566-B1B4-3448A5AFDE45}.Release|Any CPU.Build.0 = Release|Any CPU
		{A5AEB7B5-85E8-4566-B1B4-3448A5AFDE45}.Release|ARM.ActiveCfg = Release|Any CPU
		{A5AEB7B5-85E8-4566-B1B4-3448A5AFDE45}.Release|ARM.Build.0 = Release|Any CPU
		{A5AEB7B5-85E8-4566-B1B4-3448A5AFDE45}.Release|iPhone.ActiveCfg = Release|Any CPU
		{A5AEB7B5-85E8-4566-B1B4-3448A5AFDE45}.Release|iPhone.Build.0 = Release|Any CPU
		{A5AEB7B5-85E8-4566-B1B4-3448A5AFDE45}.Release|iPhoneSimulator.ActiveCfg = Release|Any CPU
		{A5AEB7B5-85E8-4566-B1B4-3448A5AFDE45}.Release|iPhoneSimulator.Build.0 = Release|Any CPU
		{A5AEB7B5-85E8-4566-B1B4-3448A5AFDE45}.Release|x64.ActiveCfg = Release|Any CPU
		{A5AEB7B5-85E8-4566-B1B4-3448A5AFDE45}.Release|x64.Build.0 = Release|Any CPU
		{A5AEB7B5-85E8-4566-B1B4-3448A5AFDE45}.Release|x86.ActiveCfg = Release|Any CPU
		{A5AEB7B5-85E8-4566-B1B4-3448A5AFDE45}.Release|x86.Build.0 = Release|Any CPU
		{27E1F5A3-68D5-4C12-A107-18654C4C8563}.Ad-Hoc|Any CPU.ActiveCfg = Debug|Any CPU
		{27E1F5A3-68D5-4C12-A107-18654C4C8563}.Ad-Hoc|Any CPU.Build.0 = Debug|Any CPU
		{27E1F5A3-68D5-4C12-A107-18654C4C8563}.Ad-Hoc|ARM.ActiveCfg = Debug|Any CPU
		{27E1F5A3-68D5-4C12-A107-18654C4C8563}.Ad-Hoc|ARM.Build.0 = Debug|Any CPU
		{27E1F5A3-68D5-4C12-A107-18654C4C8563}.Ad-Hoc|iPhone.ActiveCfg = Debug|Any CPU
		{27E1F5A3-68D5-4C12-A107-18654C4C8563}.Ad-Hoc|iPhone.Build.0 = Debug|Any CPU
		{27E1F5A3-68D5-4C12-A107-18654C4C8563}.Ad-Hoc|iPhoneSimulator.ActiveCfg = Debug|Any CPU
		{27E1F5A3-68D5-4C12-A107-18654C4C8563}.Ad-Hoc|iPhoneSimulator.Build.0 = Debug|Any CPU
		{27E1F5A3-68D5-4C12-A107-18654C4C8563}.Ad-Hoc|x64.ActiveCfg = Debug|Any CPU
		{27E1F5A3-68D5-4C12-A107-18654C4C8563}.Ad-Hoc|x64.Build.0 = Debug|Any CPU
		{27E1F5A3-68D5-4C12-A107-18654C4C8563}.Ad-Hoc|x86.ActiveCfg = Debug|Any CPU
		{27E1F5A3-68D5-4C12-A107-18654C4C8563}.Ad-Hoc|x86.Build.0 = Debug|Any CPU
		{27E1F5A3-68D5-4C12-A107-18654C4C8563}.AppStore|Any CPU.ActiveCfg = Debug|Any CPU
		{27E1F5A3-68D5-4C12-A107-18654C4C8563}.AppStore|Any CPU.Build.0 = Debug|Any CPU
		{27E1F5A3-68D5-4C12-A107-18654C4C8563}.AppStore|ARM.ActiveCfg = Debug|Any CPU
		{27E1F5A3-68D5-4C12-A107-18654C4C8563}.AppStore|ARM.Build.0 = Debug|Any CPU
		{27E1F5A3-68D5-4C12-A107-18654C4C8563}.AppStore|iPhone.ActiveCfg = Debug|Any CPU
		{27E1F5A3-68D5-4C12-A107-18654C4C8563}.AppStore|iPhone.Build.0 = Debug|Any CPU
		{27E1F5A3-68D5-4C12-A107-18654C4C8563}.AppStore|iPhoneSimulator.ActiveCfg = Debug|Any CPU
		{27E1F5A3-68D5-4C12-A107-18654C4C8563}.AppStore|iPhoneSimulator.Build.0 = Debug|Any CPU
		{27E1F5A3-68D5-4C12-A107-18654C4C8563}.AppStore|x64.ActiveCfg = Debug|Any CPU
		{27E1F5A3-68D5-4C12-A107-18654C4C8563}.AppStore|x64.Build.0 = Debug|Any CPU
		{27E1F5A3-68D5-4C12-A107-18654C4C8563}.AppStore|x86.ActiveCfg = Debug|Any CPU
		{27E1F5A3-68D5-4C12-A107-18654C4C8563}.AppStore|x86.Build.0 = Debug|Any CPU
		{27E1F5A3-68D5-4C12-A107-18654C4C8563}.Debug|Any CPU.ActiveCfg = Debug|Any CPU
		{27E1F5A3-68D5-4C12-A107-18654C4C8563}.Debug|Any CPU.Build.0 = Debug|Any CPU
		{27E1F5A3-68D5-4C12-A107-18654C4C8563}.Debug|ARM.ActiveCfg = Debug|Any CPU
		{27E1F5A3-68D5-4C12-A107-18654C4C8563}.Debug|ARM.Build.0 = Debug|Any CPU
		{27E1F5A3-68D5-4C12-A107-18654C4C8563}.Debug|iPhone.ActiveCfg = Debug|Any CPU
		{27E1F5A3-68D5-4C12-A107-18654C4C8563}.Debug|iPhone.Build.0 = Debug|Any CPU
		{27E1F5A3-68D5-4C12-A107-18654C4C8563}.Debug|iPhoneSimulator.ActiveCfg = Debug|Any CPU
		{27E1F5A3-68D5-4C12-A107-18654C4C8563}.Debug|iPhoneSimulator.Build.0 = Debug|Any CPU
		{27E1F5A3-68D5-4C12-A107-18654C4C8563}.Debug|x64.ActiveCfg = Debug|Any CPU
		{27E1F5A3-68D5-4C12-A107-18654C4C8563}.Debug|x64.Build.0 = Debug|Any CPU
		{27E1F5A3-68D5-4C12-A107-18654C4C8563}.Debug|x86.ActiveCfg = Debug|Any CPU
		{27E1F5A3-68D5-4C12-A107-18654C4C8563}.Debug|x86.Build.0 = Debug|Any CPU
		{27E1F5A3-68D5-4C12-A107-18654C4C8563}.Release|Any CPU.ActiveCfg = Release|Any CPU
		{27E1F5A3-68D5-4C12-A107-18654C4C8563}.Release|Any CPU.Build.0 = Release|Any CPU
		{27E1F5A3-68D5-4C12-A107-18654C4C8563}.Release|ARM.ActiveCfg = Release|Any CPU
		{27E1F5A3-68D5-4C12-A107-18654C4C8563}.Release|ARM.Build.0 = Release|Any CPU
		{27E1F5A3-68D5-4C12-A107-18654C4C8563}.Release|iPhone.ActiveCfg = Release|Any CPU
		{27E1F5A3-68D5-4C12-A107-18654C4C8563}.Release|iPhone.Build.0 = Release|Any CPU
		{27E1F5A3-68D5-4C12-A107-18654C4C8563}.Release|iPhoneSimulator.ActiveCfg = Release|Any CPU
		{27E1F5A3-68D5-4C12-A107-18654C4C8563}.Release|iPhoneSimulator.Build.0 = Release|Any CPU
		{27E1F5A3-68D5-4C12-A107-18654C4C8563}.Release|x64.ActiveCfg = Release|Any CPU
		{27E1F5A3-68D5-4C12-A107-18654C4C8563}.Release|x64.Build.0 = Release|Any CPU
		{27E1F5A3-68D5-4C12-A107-18654C4C8563}.Release|x86.ActiveCfg = Release|Any CPU
		{27E1F5A3-68D5-4C12-A107-18654C4C8563}.Release|x86.Build.0 = Release|Any CPU
		{AEEBE4B8-DD63-43B4-A9A6-10E66F9C0770}.Ad-Hoc|Any CPU.ActiveCfg = Debug|Any CPU
		{AEEBE4B8-DD63-43B4-A9A6-10E66F9C0770}.Ad-Hoc|Any CPU.Build.0 = Debug|Any CPU
		{AEEBE4B8-DD63-43B4-A9A6-10E66F9C0770}.Ad-Hoc|ARM.ActiveCfg = Debug|Any CPU
		{AEEBE4B8-DD63-43B4-A9A6-10E66F9C0770}.Ad-Hoc|ARM.Build.0 = Debug|Any CPU
		{AEEBE4B8-DD63-43B4-A9A6-10E66F9C0770}.Ad-Hoc|iPhone.ActiveCfg = Debug|Any CPU
		{AEEBE4B8-DD63-43B4-A9A6-10E66F9C0770}.Ad-Hoc|iPhone.Build.0 = Debug|Any CPU
		{AEEBE4B8-DD63-43B4-A9A6-10E66F9C0770}.Ad-Hoc|iPhoneSimulator.ActiveCfg = Debug|Any CPU
		{AEEBE4B8-DD63-43B4-A9A6-10E66F9C0770}.Ad-Hoc|iPhoneSimulator.Build.0 = Debug|Any CPU
		{AEEBE4B8-DD63-43B4-A9A6-10E66F9C0770}.Ad-Hoc|x64.ActiveCfg = Debug|Any CPU
		{AEEBE4B8-DD63-43B4-A9A6-10E66F9C0770}.Ad-Hoc|x64.Build.0 = Debug|Any CPU
		{AEEBE4B8-DD63-43B4-A9A6-10E66F9C0770}.Ad-Hoc|x86.ActiveCfg = Debug|Any CPU
		{AEEBE4B8-DD63-43B4-A9A6-10E66F9C0770}.Ad-Hoc|x86.Build.0 = Debug|Any CPU
		{AEEBE4B8-DD63-43B4-A9A6-10E66F9C0770}.AppStore|Any CPU.ActiveCfg = Debug|Any CPU
		{AEEBE4B8-DD63-43B4-A9A6-10E66F9C0770}.AppStore|Any CPU.Build.0 = Debug|Any CPU
		{AEEBE4B8-DD63-43B4-A9A6-10E66F9C0770}.AppStore|ARM.ActiveCfg = Debug|Any CPU
		{AEEBE4B8-DD63-43B4-A9A6-10E66F9C0770}.AppStore|ARM.Build.0 = Debug|Any CPU
		{AEEBE4B8-DD63-43B4-A9A6-10E66F9C0770}.AppStore|iPhone.ActiveCfg = Debug|Any CPU
		{AEEBE4B8-DD63-43B4-A9A6-10E66F9C0770}.AppStore|iPhone.Build.0 = Debug|Any CPU
		{AEEBE4B8-DD63-43B4-A9A6-10E66F9C0770}.AppStore|iPhoneSimulator.ActiveCfg = Debug|Any CPU
		{AEEBE4B8-DD63-43B4-A9A6-10E66F9C0770}.AppStore|iPhoneSimulator.Build.0 = Debug|Any CPU
		{AEEBE4B8-DD63-43B4-A9A6-10E66F9C0770}.AppStore|x64.ActiveCfg = Debug|Any CPU
		{AEEBE4B8-DD63-43B4-A9A6-10E66F9C0770}.AppStore|x64.Build.0 = Debug|Any CPU
		{AEEBE4B8-DD63-43B4-A9A6-10E66F9C0770}.AppStore|x86.ActiveCfg = Debug|Any CPU
		{AEEBE4B8-DD63-43B4-A9A6-10E66F9C0770}.AppStore|x86.Build.0 = Debug|Any CPU
		{AEEBE4B8-DD63-43B4-A9A6-10E66F9C0770}.Debug|Any CPU.ActiveCfg = Debug|Any CPU
		{AEEBE4B8-DD63-43B4-A9A6-10E66F9C0770}.Debug|Any CPU.Build.0 = Debug|Any CPU
		{AEEBE4B8-DD63-43B4-A9A6-10E66F9C0770}.Debug|ARM.ActiveCfg = Debug|Any CPU
		{AEEBE4B8-DD63-43B4-A9A6-10E66F9C0770}.Debug|ARM.Build.0 = Debug|Any CPU
		{AEEBE4B8-DD63-43B4-A9A6-10E66F9C0770}.Debug|iPhone.ActiveCfg = Debug|Any CPU
		{AEEBE4B8-DD63-43B4-A9A6-10E66F9C0770}.Debug|iPhone.Build.0 = Debug|Any CPU
		{AEEBE4B8-DD63-43B4-A9A6-10E66F9C0770}.Debug|iPhoneSimulator.ActiveCfg = Debug|Any CPU
		{AEEBE4B8-DD63-43B4-A9A6-10E66F9C0770}.Debug|iPhoneSimulator.Build.0 = Debug|Any CPU
		{AEEBE4B8-DD63-43B4-A9A6-10E66F9C0770}.Debug|x64.ActiveCfg = Debug|Any CPU
		{AEEBE4B8-DD63-43B4-A9A6-10E66F9C0770}.Debug|x64.Build.0 = Debug|Any CPU
		{AEEBE4B8-DD63-43B4-A9A6-10E66F9C0770}.Debug|x86.ActiveCfg = Debug|Any CPU
		{AEEBE4B8-DD63-43B4-A9A6-10E66F9C0770}.Debug|x86.Build.0 = Debug|Any CPU
		{AEEBE4B8-DD63-43B4-A9A6-10E66F9C0770}.Release|Any CPU.ActiveCfg = Release|Any CPU
		{AEEBE4B8-DD63-43B4-A9A6-10E66F9C0770}.Release|Any CPU.Build.0 = Release|Any CPU
		{AEEBE4B8-DD63-43B4-A9A6-10E66F9C0770}.Release|ARM.ActiveCfg = Release|Any CPU
		{AEEBE4B8-DD63-43B4-A9A6-10E66F9C0770}.Release|ARM.Build.0 = Release|Any CPU
		{AEEBE4B8-DD63-43B4-A9A6-10E66F9C0770}.Release|iPhone.ActiveCfg = Release|Any CPU
		{AEEBE4B8-DD63-43B4-A9A6-10E66F9C0770}.Release|iPhone.Build.0 = Release|Any CPU
		{AEEBE4B8-DD63-43B4-A9A6-10E66F9C0770}.Release|iPhoneSimulator.ActiveCfg = Release|Any CPU
		{AEEBE4B8-DD63-43B4-A9A6-10E66F9C0770}.Release|iPhoneSimulator.Build.0 = Release|Any CPU
		{AEEBE4B8-DD63-43B4-A9A6-10E66F9C0770}.Release|x64.ActiveCfg = Release|Any CPU
		{AEEBE4B8-DD63-43B4-A9A6-10E66F9C0770}.Release|x64.Build.0 = Release|Any CPU
		{AEEBE4B8-DD63-43B4-A9A6-10E66F9C0770}.Release|x86.ActiveCfg = Release|Any CPU
		{AEEBE4B8-DD63-43B4-A9A6-10E66F9C0770}.Release|x86.Build.0 = Release|Any CPU
	EndGlobalSection
	GlobalSection(SolutionProperties) = preSolution
		HideSolutionNode = FALSE
	EndGlobalSection
	GlobalSection(NestedProjects) = preSolution
		{E7F90CD8-FD73-4AC2-B824-D5AA64B8D695} = {5F58E5EF-9CCD-4AA9-9461-86C552B934B9}
		{D71BC8DA-D2C1-4EB4-A6BC-AD93522F231E} = {BA60244C-72EC-4FC1-BADA-F268493F149A}
		{3A74F214-8717-4E8A-847B-95FF05807E2D} = {BA60244C-72EC-4FC1-BADA-F268493F149A}
		{081A43AD-67B9-495C-868B-B935B0797D9D} = {E0C4C487-CCE5-43A4-B223-225DE85B40FA}
		{3AC1E6BB-CB04-45AD-BC3C-79B74AB765BA} = {E0C4C487-CCE5-43A4-B223-225DE85B40FA}
		{9374FE19-8949-4AC6-8880-5CA77E27C384} = {E0C4C487-CCE5-43A4-B223-225DE85B40FA}
		{27AE2B99-6DE5-4A27-A27F-5489931A1064} = {E0C4C487-CCE5-43A4-B223-225DE85B40FA}
		{B30CF142-686A-4E4A-A0C2-B6706ADA96CE} = {E0C4C487-CCE5-43A4-B223-225DE85B40FA}
		{A89782B1-FD08-4203-9B3E-D1F79877F8B1} = {D6205256-6E7D-4AE5-8993-B61391891E75}
		{A3AE4789-E986-40AA-8803-AF1B5817B90B} = {D6205256-6E7D-4AE5-8993-B61391891E75}
		{14FA9A56-3465-4F68-BC79-113D7CB8CA74} = {0A39B05F-2F24-4198-87C3-8324469776D5}
		{F211429F-C4D5-4D79-9970-CDAEFFDD96EC} = {0A39B05F-2F24-4198-87C3-8324469776D5}
		{A5AEB7B5-85E8-4566-B1B4-3448A5AFDE45} = {0A39B05F-2F24-4198-87C3-8324469776D5}
		{27E1F5A3-68D5-4C12-A107-18654C4C8563} = {2047E44C-C1F7-424F-95DD-FDB7AFFDF5D4}
		{AEEBE4B8-DD63-43B4-A9A6-10E66F9C0770} = {2047E44C-C1F7-424F-95DD-FDB7AFFDF5D4}
	EndGlobalSection
	GlobalSection(ExtensibilityGlobals) = postSolution
		SolutionGuid = {F448EFA9-CEC2-4DCC-BD5E-63548C6962D0}
	EndGlobalSection
EndGlobal
