
Microsoft Visual Studio Solution File, Format Version 12.00
# Visual Studio Version 16
VisualStudioVersion = 16.0.29806.167
MinimumVisualStudioVersion = 10.0.40219.1
Project("{FAE04EC0-301F-11D3-BF4B-00C04F79EFBC}") = "XF_App1", "XF_App1\XF_App1\XF_App1.csproj", "{5B9CBDF4-9C28-4B88-86E6-E3556EED0676}"
EndProject
Project("{FAE04EC0-301F-11D3-BF4B-00C04F79EFBC}") = "XF_App1.Android", "XF_App1\XF_App1.Android\XF_App1.Android.csproj", "{FEE1DC95-4CF4-4C2E-8A78-CCDB268430B4}"
EndProject
Project("{FAE04EC0-301F-11D3-BF4B-00C04F79EFBC}") = "XF_App1.iOS", "XF_App1\XF_App1.iOS\XF_App1.iOS.csproj", "{3C65E3E2-D87A-4B92-B588-BAC7F0C9E18E}"
EndProject
Project("{FAE04EC0-301F-11D3-BF4B-00C04F79EFBC}") = "XF_App1.UWP", "XF_App1\XF_App1.UWP\XF_App1.UWP.csproj", "{99E7DF1B-89CD-4AE9-82BC-7014F512E2D2}"
EndProject
Global
	GlobalSection(SolutionConfigurationPlatforms) = preSolution
		Debug|Any CPU = Debug|Any CPU
		Debug|ARM = Debug|ARM
		Debug|iPhone = Debug|iPhone
		Debug|iPhoneSimulator = Debug|iPhoneSimulator
		Debug|x64 = Debug|x64
		Debug|x86 = Debug|x86
		Release|Any CPU = Release|Any CPU
		Release|ARM = Release|ARM
		Release|iPhone = Release|iPhone
		Release|iPhoneSimulator = Release|iPhoneSimulator
		Release|x64 = Release|x64
		Release|x86 = Release|x86
	EndGlobalSection
	GlobalSection(ProjectConfigurationPlatforms) = postSolution
		{5B9CBDF4-9C28-4B88-86E6-E3556EED0676}.Debug|Any CPU.ActiveCfg = Debug|Any CPU
		{5B9CBDF4-9C28-4B88-86E6-E3556EED0676}.Debug|Any CPU.Build.0 = Debug|Any CPU
		{5B9CBDF4-9C28-4B88-86E6-E3556EED0676}.Debug|ARM.ActiveCfg = Debug|Any CPU
		{5B9CBDF4-9C28-4B88-86E6-E3556EED0676}.Debug|ARM.Build.0 = Debug|Any CPU
		{5B9CBDF4-9C28-4B88-86E6-E3556EED0676}.Debug|iPhone.ActiveCfg = Debug|Any CPU
		{5B9CBDF4-9C28-4B88-86E6-E3556EED0676}.Debug|iPhone.Build.0 = Debug|Any CPU
		{5B9CBDF4-9C28-4B88-86E6-E3556EED0676}.Debug|iPhoneSimulator.ActiveCfg = Debug|Any CPU
		{5B9CBDF4-9C28-4B88-86E6-E3556EED0676}.Debug|iPhoneSimulator.Build.0 = Debug|Any CPU
		{5B9CBDF4-9C28-4B88-86E6-E3556EED0676}.Debug|x64.ActiveCfg = Debug|Any CPU
		{5B9CBDF4-9C28-4B88-86E6-E3556EED0676}.Debug|x64.Build.0 = Debug|Any CPU
		{5B9CBDF4-9C28-4B88-86E6-E3556EED0676}.Debug|x86.ActiveCfg = Debug|Any CPU
		{5B9CBDF4-9C28-4B88-86E6-E3556EED0676}.Debug|x86.Build.0 = Debug|Any CPU
		{5B9CBDF4-9C28-4B88-86E6-E3556EED0676}.Release|Any CPU.ActiveCfg = Release|Any CPU
		{5B9CBDF4-9C28-4B88-86E6-E3556EED0676}.Release|Any CPU.Build.0 = Release|Any CPU
		{5B9CBDF4-9C28-4B88-86E6-E3556EED0676}.Release|ARM.ActiveCfg = Release|Any CPU
		{5B9CBDF4-9C28-4B88-86E6-E3556EED0676}.Release|ARM.Build.0 = Release|Any CPU
		{5B9CBDF4-9C28-4B88-86E6-E3556EED0676}.Release|iPhone.ActiveCfg = Release|Any CPU
		{5B9CBDF4-9C28-4B88-86E6-E3556EED0676}.Release|iPhone.Build.0 = Release|Any CPU
		{5B9CBDF4-9C28-4B88-86E6-E3556EED0676}.Release|iPhoneSimulator.ActiveCfg = Release|Any CPU
		{5B9CBDF4-9C28-4B88-86E6-E3556EED0676}.Release|iPhoneSimulator.Build.0 = Release|Any CPU
		{5B9CBDF4-9C28-4B88-86E6-E3556EED0676}.Release|x64.ActiveCfg = Release|Any CPU
		{5B9CBDF4-9C28-4B88-86E6-E3556EED0676}.Release|x64.Build.0 = Release|Any CPU
		{5B9CBDF4-9C28-4B88-86E6-E3556EED0676}.Release|x86.ActiveCfg = Release|Any CPU
		{5B9CBDF4-9C28-4B88-86E6-E3556EED0676}.Release|x86.Build.0 = Release|Any CPU
		{FEE1DC95-4CF4-4C2E-8A78-CCDB268430B4}.Debug|Any CPU.ActiveCfg = Debug|Any CPU
		{FEE1DC95-4CF4-4C2E-8A78-CCDB268430B4}.Debug|Any CPU.Build.0 = Debug|Any CPU
		{FEE1DC95-4CF4-4C2E-8A78-CCDB268430B4}.Debug|Any CPU.Deploy.0 = Debug|Any CPU
		{FEE1DC95-4CF4-4C2E-8A78-CCDB268430B4}.Debug|ARM.ActiveCfg = Debug|Any CPU
		{FEE1DC95-4CF4-4C2E-8A78-CCDB268430B4}.Debug|ARM.Build.0 = Debug|Any CPU
		{FEE1DC95-4CF4-4C2E-8A78-CCDB268430B4}.Debug|ARM.Deploy.0 = Debug|Any CPU
		{FEE1DC95-4CF4-4C2E-8A78-CCDB268430B4}.Debug|iPhone.ActiveCfg = Debug|Any CPU
		{FEE1DC95-4CF4-4C2E-8A78-CCDB268430B4}.Debug|iPhone.Build.0 = Debug|Any CPU
		{FEE1DC95-4CF4-4C2E-8A78-CCDB268430B4}.Debug|iPhone.Deploy.0 = Debug|Any CPU
		{FEE1DC95-4CF4-4C2E-8A78-CCDB268430B4}.Debug|iPhoneSimulator.ActiveCfg = Debug|Any CPU
		{FEE1DC95-4CF4-4C2E-8A78-CCDB268430B4}.Debug|iPhoneSimulator.Build.0 = Debug|Any CPU
		{FEE1DC95-4CF4-4C2E-8A78-CCDB268430B4}.Debug|iPhoneSimulator.Deploy.0 = Debug|Any CPU
		{FEE1DC95-4CF4-4C2E-8A78-CCDB268430B4}.Debug|x64.ActiveCfg = Debug|Any CPU
		{FEE1DC95-4CF4-4C2E-8A78-CCDB268430B4}.Debug|x64.Build.0 = Debug|Any CPU
		{FEE1DC95-4CF4-4C2E-8A78-CCDB268430B4}.Debug|x64.Deploy.0 = Debug|Any CPU
		{FEE1DC95-4CF4-4C2E-8A78-CCDB268430B4}.Debug|x86.ActiveCfg = Debug|Any CPU
		{FEE1DC95-4CF4-4C2E-8A78-CCDB268430B4}.Debug|x86.Build.0 = Debug|Any CPU
		{FEE1DC95-4CF4-4C2E-8A78-CCDB268430B4}.Debug|x86.Deploy.0 = Debug|Any CPU
		{FEE1DC95-4CF4-4C2E-8A78-CCDB268430B4}.Release|Any CPU.ActiveCfg = Release|Any CPU
		{FEE1DC95-4CF4-4C2E-8A78-CCDB268430B4}.Release|Any CPU.Build.0 = Release|Any CPU
		{FEE1DC95-4CF4-4C2E-8A78-CCDB268430B4}.Release|Any CPU.Deploy.0 = Release|Any CPU
		{FEE1DC95-4CF4-4C2E-8A78-CCDB268430B4}.Release|ARM.ActiveCfg = Release|Any CPU
		{FEE1DC95-4CF4-4C2E-8A78-CCDB268430B4}.Release|ARM.Build.0 = Release|Any CPU
		{FEE1DC95-4CF4-4C2E-8A78-CCDB268430B4}.Release|ARM.Deploy.0 = Release|Any CPU
		{FEE1DC95-4CF4-4C2E-8A78-CCDB268430B4}.Release|iPhone.ActiveCfg = Release|Any CPU
		{FEE1DC95-4CF4-4C2E-8A78-CCDB268430B4}.Release|iPhone.Build.0 = Release|Any CPU
		{FEE1DC95-4CF4-4C2E-8A78-CCDB268430B4}.Release|iPhone.Deploy.0 = Release|Any CPU
		{FEE1DC95-4CF4-4C2E-8A78-CCDB268430B4}.Release|iPhoneSimulator.ActiveCfg = Release|Any CPU
		{FEE1DC95-4CF4-4C2E-8A78-CCDB268430B4}.Release|iPhoneSimulator.Build.0 = Release|Any CPU
		{FEE1DC95-4CF4-4C2E-8A78-CCDB268430B4}.Release|iPhoneSimulator.Deploy.0 = Release|Any CPU
		{FEE1DC95-4CF4-4C2E-8A78-CCDB268430B4}.Release|x64.ActiveCfg = Release|Any CPU
		{FEE1DC95-4CF4-4C2E-8A78-CCDB268430B4}.Release|x64.Build.0 = Release|Any CPU
		{FEE1DC95-4CF4-4C2E-8A78-CCDB268430B4}.Release|x64.Deploy.0 = Release|Any CPU
		{FEE1DC95-4CF4-4C2E-8A78-CCDB268430B4}.Release|x86.ActiveCfg = Release|Any CPU
		{FEE1DC95-4CF4-4C2E-8A78-CCDB268430B4}.Release|x86.Build.0 = Release|Any CPU
		{FEE1DC95-4CF4-4C2E-8A78-CCDB268430B4}.Release|x86.Deploy.0 = Release|Any CPU
		{3C65E3E2-D87A-4B92-B588-BAC7F0C9E18E}.Debug|Any CPU.ActiveCfg = Debug|iPhone
		{3C65E3E2-D87A-4B92-B588-BAC7F0C9E18E}.Debug|ARM.ActiveCfg = Debug|iPhone
		{3C65E3E2-D87A-4B92-B588-BAC7F0C9E18E}.Debug|iPhone.ActiveCfg = Debug|iPhone
		{3C65E3E2-D87A-4B92-B588-BAC7F0C9E18E}.Debug|iPhone.Build.0 = Debug|iPhone
		{3C65E3E2-D87A-4B92-B588-BAC7F0C9E18E}.Debug|iPhoneSimulator.ActiveCfg = Debug|iPhoneSimulator
		{3C65E3E2-D87A-4B92-B588-BAC7F0C9E18E}.Debug|iPhoneSimulator.Build.0 = Debug|iPhoneSimulator
		{3C65E3E2-D87A-4B92-B588-BAC7F0C9E18E}.Debug|x64.ActiveCfg = Debug|iPhone
		{3C65E3E2-D87A-4B92-B588-BAC7F0C9E18E}.Debug|x86.ActiveCfg = Debug|iPhone
		{3C65E3E2-D87A-4B92-B588-BAC7F0C9E18E}.Release|Any CPU.ActiveCfg = Release|iPhone
		{3C65E3E2-D87A-4B92-B588-BAC7F0C9E18E}.Release|ARM.ActiveCfg = Release|iPhone
		{3C65E3E2-D87A-4B92-B588-BAC7F0C9E18E}.Release|iPhone.ActiveCfg = Release|iPhone
		{3C65E3E2-D87A-4B92-B588-BAC7F0C9E18E}.Release|iPhone.Build.0 = Release|iPhone
		{3C65E3E2-D87A-4B92-B588-BAC7F0C9E18E}.Release|iPhoneSimulator.ActiveCfg = Release|iPhoneSimulator
		{3C65E3E2-D87A-4B92-B588-BAC7F0C9E18E}.Release|iPhoneSimulator.Build.0 = Release|iPhoneSimulator
		{3C65E3E2-D87A-4B92-B588-BAC7F0C9E18E}.Release|x64.ActiveCfg = Release|iPhone
		{3C65E3E2-D87A-4B92-B588-BAC7F0C9E18E}.Release|x86.ActiveCfg = Release|iPhone
		{99E7DF1B-89CD-4AE9-82BC-7014F512E2D2}.Debug|Any CPU.ActiveCfg = Debug|x86
		{99E7DF1B-89CD-4AE9-82BC-7014F512E2D2}.Debug|ARM.ActiveCfg = Debug|ARM
		{99E7DF1B-89CD-4AE9-82BC-7014F512E2D2}.Debug|ARM.Build.0 = Debug|ARM
		{99E7DF1B-89CD-4AE9-82BC-7014F512E2D2}.Debug|ARM.Deploy.0 = Debug|ARM
		{99E7DF1B-89CD-4AE9-82BC-7014F512E2D2}.Debug|iPhone.ActiveCfg = Debug|x86
		{99E7DF1B-89CD-4AE9-82BC-7014F512E2D2}.Debug|iPhoneSimulator.ActiveCfg = Debug|x86
		{99E7DF1B-89CD-4AE9-82BC-7014F512E2D2}.Debug|x64.ActiveCfg = Debug|x64
		{99E7DF1B-89CD-4AE9-82BC-7014F512E2D2}.Debug|x64.Build.0 = Debug|x64
		{99E7DF1B-89CD-4AE9-82BC-7014F512E2D2}.Debug|x64.Deploy.0 = Debug|x64
		{99E7DF1B-89CD-4AE9-82BC-7014F512E2D2}.Debug|x86.ActiveCfg = Debug|x86
		{99E7DF1B-89CD-4AE9-82BC-7014F512E2D2}.Debug|x86.Build.0 = Debug|x86
		{99E7DF1B-89CD-4AE9-82BC-7014F512E2D2}.Debug|x86.Deploy.0 = Debug|x86
		{99E7DF1B-89CD-4AE9-82BC-7014F512E2D2}.Release|Any CPU.ActiveCfg = Release|x86
		{99E7DF1B-89CD-4AE9-82BC-7014F512E2D2}.Release|ARM.ActiveCfg = Release|ARM
		{99E7DF1B-89CD-4AE9-82BC-7014F512E2D2}.Release|ARM.Build.0 = Release|ARM
		{99E7DF1B-89CD-4AE9-82BC-7014F512E2D2}.Release|ARM.Deploy.0 = Release|ARM
		{99E7DF1B-89CD-4AE9-82BC-7014F512E2D2}.Release|iPhone.ActiveCfg = Release|x86
		{99E7DF1B-89CD-4AE9-82BC-7014F512E2D2}.Release|iPhoneSimulator.ActiveCfg = Release|x86
		{99E7DF1B-89CD-4AE9-82BC-7014F512E2D2}.Release|x64.ActiveCfg = Release|x64
		{99E7DF1B-89CD-4AE9-82BC-7014F512E2D2}.Release|x64.Build.0 = Release|x64
		{99E7DF1B-89CD-4AE9-82BC-7014F512E2D2}.Release|x64.Deploy.0 = Release|x64
		{99E7DF1B-89CD-4AE9-82BC-7014F512E2D2}.Release|x86.ActiveCfg = Release|x86
		{99E7DF1B-89CD-4AE9-82BC-7014F512E2D2}.Release|x86.Build.0 = Release|x86
		{99E7DF1B-89CD-4AE9-82BC-7014F512E2D2}.Release|x86.Deploy.0 = Release|x86
	EndGlobalSection
	GlobalSection(SolutionProperties) = preSolution
		HideSolutionNode = FALSE
	EndGlobalSection
	GlobalSection(ExtensibilityGlobals) = postSolution
		SolutionGuid = {6D81A160-9403-40B1-8EE8-5AEB9BED8866}
	EndGlobalSection
EndGlobal
